
Microsoft Visual Studio Solution File, Format Version 12.00
# Visual Studio 2012
Project("{FAE04EC0-301F-11D3-BF4B-00C04F79EFBC}") = "Microsoft.AppCenter.Test.Functional", "Tests\Microsoft.AppCenter.Test.Functional\Microsoft.AppCenter.Test.Functional.csproj", "{115F38E3-5DD5-469E-8A06-AA6BE4B99777}"
EndProject
Project("{FAE04EC0-301F-11D3-BF4B-00C04F79EFBC}") = "Contoso.Test.Functional.iOS", "Tests\Contoso.Test.Functional.iOS\Contoso.Test.Functional.iOS.csproj", "{CC0B2B0C-5150-477E-A687-1218C64E3367}"
EndProject
Project("{FAE04EC0-301F-11D3-BF4B-00C04F79EFBC}") = "Contoso.Test.Functional.Droid", "Tests\Contoso.Test.Functional.Droid\Contoso.Test.Functional.Droid.csproj", "{CA4FB145-763C-4014-B0AF-F5884412E9F3}"
EndProject
Global
	GlobalSection(SolutionConfigurationPlatforms) = preSolution
		Debug|Any CPU = Debug|Any CPU
		Release|Any CPU = Release|Any CPU
		Debug|iPhoneSimulator = Debug|iPhoneSimulator
		Release|iPhone = Release|iPhone
		Release|iPhoneSimulator = Release|iPhoneSimulator
		Debug|iPhone = Debug|iPhone
	EndGlobalSection
	GlobalSection(ProjectConfigurationPlatforms) = postSolution
		{115F38E3-5DD5-469E-8A06-AA6BE4B99777}.Debug|Any CPU.ActiveCfg = Debug|Any CPU
		{115F38E3-5DD5-469E-8A06-AA6BE4B99777}.Debug|Any CPU.Build.0 = Debug|Any CPU
		{115F38E3-5DD5-469E-8A06-AA6BE4B99777}.Release|Any CPU.ActiveCfg = Release|Any CPU
		{115F38E3-5DD5-469E-8A06-AA6BE4B99777}.Release|Any CPU.Build.0 = Release|Any CPU
		{115F38E3-5DD5-469E-8A06-AA6BE4B99777}.Debug|iPhoneSimulator.ActiveCfg = Debug|Any CPU
		{115F38E3-5DD5-469E-8A06-AA6BE4B99777}.Debug|iPhoneSimulator.Build.0 = Debug|Any CPU
		{115F38E3-5DD5-469E-8A06-AA6BE4B99777}.Release|iPhone.ActiveCfg = Release|Any CPU
		{115F38E3-5DD5-469E-8A06-AA6BE4B99777}.Release|iPhone.Build.0 = Release|Any CPU
		{115F38E3-5DD5-469E-8A06-AA6BE4B99777}.Release|iPhoneSimulator.ActiveCfg = Release|Any CPU
		{115F38E3-5DD5-469E-8A06-AA6BE4B99777}.Release|iPhoneSimulator.Build.0 = Release|Any CPU
		{115F38E3-5DD5-469E-8A06-AA6BE4B99777}.Debug|iPhone.ActiveCfg = Debug|Any CPU
		{115F38E3-5DD5-469E-8A06-AA6BE4B99777}.Debug|iPhone.Build.0 = Debug|Any CPU
		{CC0B2B0C-5150-477E-A687-1218C64E3367}.Debug|Any CPU.ActiveCfg = Debug|iPhoneSimulator
		{CC0B2B0C-5150-477E-A687-1218C64E3367}.Debug|Any CPU.Build.0 = Debug|iPhoneSimulator
		{CC0B2B0C-5150-477E-A687-1218C64E3367}.Release|Any CPU.ActiveCfg = Release|iPhoneSimulator
		{CC0B2B0C-5150-477E-A687-1218C64E3367}.Release|Any CPU.Build.0 = Release|iPhoneSimulator
		{CC0B2B0C-5150-477E-A687-1218C64E3367}.Debug|iPhoneSimulator.ActiveCfg = Debug|iPhoneSimulator
		{CC0B2B0C-5150-477E-A687-1218C64E3367}.Debug|iPhoneSimulator.Build.0 = Debug|iPhoneSimulator
		{CC0B2B0C-5150-477E-A687-1218C64E3367}.Release|iPhone.ActiveCfg = Release|iPhone
		{CC0B2B0C-5150-477E-A687-1218C64E3367}.Release|iPhone.Build.0 = Release|iPhone
		{CC0B2B0C-5150-477E-A687-1218C64E3367}.Release|iPhoneSimulator.ActiveCfg = Release|iPhoneSimulator
		{CC0B2B0C-5150-477E-A687-1218C64E3367}.Release|iPhoneSimulator.Build.0 = Release|iPhoneSimulator
		{CC0B2B0C-5150-477E-A687-1218C64E3367}.Debug|iPhone.ActiveCfg = Debug|iPhone
		{CC0B2B0C-5150-477E-A687-1218C64E3367}.Debug|iPhone.Build.0 = Debug|iPhone
		{CA4FB145-763C-4014-B0AF-F5884412E9F3}.Debug|Any CPU.ActiveCfg = Debug|Any CPU
		{CA4FB145-763C-4014-B0AF-F5884412E9F3}.Debug|Any CPU.Build.0 = Debug|Any CPU
		{CA4FB145-763C-4014-B0AF-F5884412E9F3}.Release|Any CPU.ActiveCfg = Release|Any CPU
		{CA4FB145-763C-4014-B0AF-F5884412E9F3}.Release|Any CPU.Build.0 = Release|Any CPU
		{CA4FB145-763C-4014-B0AF-F5884412E9F3}.Debug|iPhoneSimulator.ActiveCfg = Debug|Any CPU
		{CA4FB145-763C-4014-B0AF-F5884412E9F3}.Debug|iPhoneSimulator.Build.0 = Debug|Any CPU
		{CA4FB145-763C-4014-B0AF-F5884412E9F3}.Release|iPhone.ActiveCfg = Release|Any CPU
		{CA4FB145-763C-4014-B0AF-F5884412E9F3}.Release|iPhone.Build.0 = Release|Any CPU
		{CA4FB145-763C-4014-B0AF-F5884412E9F3}.Release|iPhoneSimulator.ActiveCfg = Release|Any CPU
		{CA4FB145-763C-4014-B0AF-F5884412E9F3}.Release|iPhoneSimulator.Build.0 = Release|Any CPU
		{CA4FB145-763C-4014-B0AF-F5884412E9F3}.Debug|iPhone.ActiveCfg = Debug|Any CPU
		{CA4FB145-763C-4014-B0AF-F5884412E9F3}.Debug|iPhone.Build.0 = Debug|Any CPU
	EndGlobalSection
EndGlobal
