
Microsoft Visual Studio Solution File, Format Version 12.00
# Visual Studio 15
VisualStudioVersion = 15.0.26228.9
MinimumVisualStudioVersion = 10.0.40219.1
Project("{2150E333-8FDC-42A3-9474-1A3956D46DE8}") = "Apps", "Apps", "{274AB35C-68B4-4EFA-803B-8A7CFEC25EFC}"
EndProject
Project("{2150E333-8FDC-42A3-9474-1A3956D46DE8}") = "Contoso.Forms.Demo", "Contoso.Forms.Demo", "{91CEE2C9-F64C-45C9-9353-B1EC87D13C6D}"
EndProject
Project("{FAE04EC0-301F-11D3-BF4B-00C04F79EFBC}") = "Contoso.Forms.Demo", "Apps\Contoso.Forms.Demo\Contoso.Forms.Demo\Contoso.Forms.Demo.csproj", "{8E7B51FC-8A9B-49F7-A40D-4D12BBF893B6}"
EndProject
Project("{FAE04EC0-301F-11D3-BF4B-00C04F79EFBC}") = "Contoso.Forms.Demo.Droid", "Apps\Contoso.Forms.Demo\Contoso.Forms.Demo.Droid\Contoso.Forms.Demo.Droid.csproj", "{3B39B339-86C4-47EF-8F85-811220494CA6}"
EndProject
Project("{FAE04EC0-301F-11D3-BF4B-00C04F79EFBC}") = "Contoso.Forms.Demo.iOS", "Apps\Contoso.Forms.Demo\Contoso.Forms.Demo.iOS\Contoso.Forms.Demo.iOS.csproj", "{EB8F7B8E-5013-4C0C-9C32-59ADC5FDFDBD}"
EndProject
Project("{FAE04EC0-301F-11D3-BF4B-00C04F79EFBC}") = "Contoso.Forms.Demo.UWP", "Apps\Contoso.Forms.Demo\Contoso.Forms.Demo.UWP\Contoso.Forms.Demo.UWP.csproj", "{665362D9-5EE2-45DE-A907-25DC86999A68}"
EndProject
Global
	GlobalSection(SolutionConfigurationPlatforms) = preSolution
		Ad-Hoc|Any CPU = Ad-Hoc|Any CPU
		Ad-Hoc|ARM = Ad-Hoc|ARM
		Ad-Hoc|iPhone = Ad-Hoc|iPhone
		Ad-Hoc|iPhoneSimulator = Ad-Hoc|iPhoneSimulator
		Ad-Hoc|x64 = Ad-Hoc|x64
		Ad-Hoc|x86 = Ad-Hoc|x86
		AppStore|Any CPU = AppStore|Any CPU
		AppStore|ARM = AppStore|ARM
		AppStore|iPhone = AppStore|iPhone
		AppStore|iPhoneSimulator = AppStore|iPhoneSimulator
		AppStore|x64 = AppStore|x64
		AppStore|x86 = AppStore|x86
		Debug|Any CPU = Debug|Any CPU
		Debug|ARM = Debug|ARM
		Debug|iPhone = Debug|iPhone
		Debug|iPhoneSimulator = Debug|iPhoneSimulator
		Debug|x64 = Debug|x64
		Debug|x86 = Debug|x86
		Release|Any CPU = Release|Any CPU
		Release|ARM = Release|ARM
		Release|iPhone = Release|iPhone
		Release|iPhoneSimulator = Release|iPhoneSimulator
		Release|x64 = Release|x64
		Release|x86 = Release|x86
	EndGlobalSection
	GlobalSection(ProjectConfigurationPlatforms) = postSolution
		{8E7B51FC-8A9B-49F7-A40D-4D12BBF893B6}.Ad-Hoc|Any CPU.ActiveCfg = Debug|Any CPU
		{8E7B51FC-8A9B-49F7-A40D-4D12BBF893B6}.Ad-Hoc|Any CPU.Build.0 = Debug|Any CPU
		{8E7B51FC-8A9B-49F7-A40D-4D12BBF893B6}.Ad-Hoc|ARM.ActiveCfg = Debug|Any CPU
		{8E7B51FC-8A9B-49F7-A40D-4D12BBF893B6}.Ad-Hoc|ARM.Build.0 = Debug|Any CPU
		{8E7B51FC-8A9B-49F7-A40D-4D12BBF893B6}.Ad-Hoc|iPhone.ActiveCfg = Debug|Any CPU
		{8E7B51FC-8A9B-49F7-A40D-4D12BBF893B6}.Ad-Hoc|iPhone.Build.0 = Debug|Any CPU
		{8E7B51FC-8A9B-49F7-A40D-4D12BBF893B6}.Ad-Hoc|iPhoneSimulator.ActiveCfg = Debug|Any CPU
		{8E7B51FC-8A9B-49F7-A40D-4D12BBF893B6}.Ad-Hoc|iPhoneSimulator.Build.0 = Debug|Any CPU
		{8E7B51FC-8A9B-49F7-A40D-4D12BBF893B6}.Ad-Hoc|x64.ActiveCfg = Debug|Any CPU
		{8E7B51FC-8A9B-49F7-A40D-4D12BBF893B6}.Ad-Hoc|x64.Build.0 = Debug|Any CPU
		{8E7B51FC-8A9B-49F7-A40D-4D12BBF893B6}.Ad-Hoc|x86.ActiveCfg = Debug|Any CPU
		{8E7B51FC-8A9B-49F7-A40D-4D12BBF893B6}.Ad-Hoc|x86.Build.0 = Debug|Any CPU
		{8E7B51FC-8A9B-49F7-A40D-4D12BBF893B6}.AppStore|Any CPU.ActiveCfg = Debug|Any CPU
		{8E7B51FC-8A9B-49F7-A40D-4D12BBF893B6}.AppStore|Any CPU.Build.0 = Debug|Any CPU
		{8E7B51FC-8A9B-49F7-A40D-4D12BBF893B6}.AppStore|ARM.ActiveCfg = Debug|Any CPU
		{8E7B51FC-8A9B-49F7-A40D-4D12BBF893B6}.AppStore|ARM.Build.0 = Debug|Any CPU
		{8E7B51FC-8A9B-49F7-A40D-4D12BBF893B6}.AppStore|iPhone.ActiveCfg = Debug|Any CPU
		{8E7B51FC-8A9B-49F7-A40D-4D12BBF893B6}.AppStore|iPhone.Build.0 = Debug|Any CPU
		{8E7B51FC-8A9B-49F7-A40D-4D12BBF893B6}.AppStore|iPhoneSimulator.ActiveCfg = Debug|Any CPU
		{8E7B51FC-8A9B-49F7-A40D-4D12BBF893B6}.AppStore|iPhoneSimulator.Build.0 = Debug|Any CPU
		{8E7B51FC-8A9B-49F7-A40D-4D12BBF893B6}.AppStore|x64.ActiveCfg = Debug|Any CPU
		{8E7B51FC-8A9B-49F7-A40D-4D12BBF893B6}.AppStore|x64.Build.0 = Debug|Any CPU
		{8E7B51FC-8A9B-49F7-A40D-4D12BBF893B6}.AppStore|x86.ActiveCfg = Debug|Any CPU
		{8E7B51FC-8A9B-49F7-A40D-4D12BBF893B6}.AppStore|x86.Build.0 = Debug|Any CPU
		{8E7B51FC-8A9B-49F7-A40D-4D12BBF893B6}.Debug|Any CPU.ActiveCfg = Debug|Any CPU
		{8E7B51FC-8A9B-49F7-A40D-4D12BBF893B6}.Debug|Any CPU.Build.0 = Debug|Any CPU
		{8E7B51FC-8A9B-49F7-A40D-4D12BBF893B6}.Debug|ARM.ActiveCfg = Debug|Any CPU
		{8E7B51FC-8A9B-49F7-A40D-4D12BBF893B6}.Debug|ARM.Build.0 = Debug|Any CPU
		{8E7B51FC-8A9B-49F7-A40D-4D12BBF893B6}.Debug|iPhone.ActiveCfg = Debug|Any CPU
		{8E7B51FC-8A9B-49F7-A40D-4D12BBF893B6}.Debug|iPhone.Build.0 = Debug|Any CPU
		{8E7B51FC-8A9B-49F7-A40D-4D12BBF893B6}.Debug|iPhoneSimulator.ActiveCfg = Debug|Any CPU
		{8E7B51FC-8A9B-49F7-A40D-4D12BBF893B6}.Debug|iPhoneSimulator.Build.0 = Debug|Any CPU
		{8E7B51FC-8A9B-49F7-A40D-4D12BBF893B6}.Debug|x64.ActiveCfg = Debug|Any CPU
		{8E7B51FC-8A9B-49F7-A40D-4D12BBF893B6}.Debug|x64.Build.0 = Debug|Any CPU
		{8E7B51FC-8A9B-49F7-A40D-4D12BBF893B6}.Debug|x86.ActiveCfg = Debug|Any CPU
		{8E7B51FC-8A9B-49F7-A40D-4D12BBF893B6}.Debug|x86.Build.0 = Debug|Any CPU
		{8E7B51FC-8A9B-49F7-A40D-4D12BBF893B6}.Release|Any CPU.ActiveCfg = Release|Any CPU
		{8E7B51FC-8A9B-49F7-A40D-4D12BBF893B6}.Release|Any CPU.Build.0 = Release|Any CPU
		{8E7B51FC-8A9B-49F7-A40D-4D12BBF893B6}.Release|ARM.ActiveCfg = Release|Any CPU
		{8E7B51FC-8A9B-49F7-A40D-4D12BBF893B6}.Release|ARM.Build.0 = Release|Any CPU
		{8E7B51FC-8A9B-49F7-A40D-4D12BBF893B6}.Release|iPhone.ActiveCfg = Release|Any CPU
		{8E7B51FC-8A9B-49F7-A40D-4D12BBF893B6}.Release|iPhone.Build.0 = Release|Any CPU
		{8E7B51FC-8A9B-49F7-A40D-4D12BBF893B6}.Release|iPhoneSimulator.ActiveCfg = Release|Any CPU
		{8E7B51FC-8A9B-49F7-A40D-4D12BBF893B6}.Release|iPhoneSimulator.Build.0 = Release|Any CPU
		{8E7B51FC-8A9B-49F7-A40D-4D12BBF893B6}.Release|x64.ActiveCfg = Release|Any CPU
		{8E7B51FC-8A9B-49F7-A40D-4D12BBF893B6}.Release|x64.Build.0 = Release|Any CPU
		{8E7B51FC-8A9B-49F7-A40D-4D12BBF893B6}.Release|x86.ActiveCfg = Release|Any CPU
		{8E7B51FC-8A9B-49F7-A40D-4D12BBF893B6}.Release|x86.Build.0 = Release|Any CPU
		{3B39B339-86C4-47EF-8F85-811220494CA6}.Ad-Hoc|Any CPU.ActiveCfg = Debug|Any CPU
		{3B39B339-86C4-47EF-8F85-811220494CA6}.Ad-Hoc|Any CPU.Build.0 = Debug|Any CPU
		{3B39B339-86C4-47EF-8F85-811220494CA6}.Ad-Hoc|ARM.ActiveCfg = Debug|Any CPU
		{3B39B339-86C4-47EF-8F85-811220494CA6}.Ad-Hoc|ARM.Build.0 = Debug|Any CPU
		{3B39B339-86C4-47EF-8F85-811220494CA6}.Ad-Hoc|iPhone.ActiveCfg = Debug|Any CPU
		{3B39B339-86C4-47EF-8F85-811220494CA6}.Ad-Hoc|iPhone.Build.0 = Debug|Any CPU
		{3B39B339-86C4-47EF-8F85-811220494CA6}.Ad-Hoc|iPhoneSimulator.ActiveCfg = Debug|Any CPU
		{3B39B339-86C4-47EF-8F85-811220494CA6}.Ad-Hoc|iPhoneSimulator.Build.0 = Debug|Any CPU
		{3B39B339-86C4-47EF-8F85-811220494CA6}.Ad-Hoc|x64.ActiveCfg = Debug|Any CPU
		{3B39B339-86C4-47EF-8F85-811220494CA6}.Ad-Hoc|x64.Build.0 = Debug|Any CPU
		{3B39B339-86C4-47EF-8F85-811220494CA6}.Ad-Hoc|x86.ActiveCfg = Debug|Any CPU
		{3B39B339-86C4-47EF-8F85-811220494CA6}.Ad-Hoc|x86.Build.0 = Debug|Any CPU
		{3B39B339-86C4-47EF-8F85-811220494CA6}.AppStore|Any CPU.ActiveCfg = Debug|Any CPU
		{3B39B339-86C4-47EF-8F85-811220494CA6}.AppStore|Any CPU.Build.0 = Debug|Any CPU
		{3B39B339-86C4-47EF-8F85-811220494CA6}.AppStore|ARM.ActiveCfg = Debug|Any CPU
		{3B39B339-86C4-47EF-8F85-811220494CA6}.AppStore|ARM.Build.0 = Debug|Any CPU
		{3B39B339-86C4-47EF-8F85-811220494CA6}.AppStore|iPhone.ActiveCfg = Debug|Any CPU
		{3B39B339-86C4-47EF-8F85-811220494CA6}.AppStore|iPhone.Build.0 = Debug|Any CPU
		{3B39B339-86C4-47EF-8F85-811220494CA6}.AppStore|iPhoneSimulator.ActiveCfg = Debug|Any CPU
		{3B39B339-86C4-47EF-8F85-811220494CA6}.AppStore|iPhoneSimulator.Build.0 = Debug|Any CPU
		{3B39B339-86C4-47EF-8F85-811220494CA6}.AppStore|x64.ActiveCfg = Debug|Any CPU
		{3B39B339-86C4-47EF-8F85-811220494CA6}.AppStore|x64.Build.0 = Debug|Any CPU
		{3B39B339-86C4-47EF-8F85-811220494CA6}.AppStore|x86.ActiveCfg = Debug|Any CPU
		{3B39B339-86C4-47EF-8F85-811220494CA6}.AppStore|x86.Build.0 = Debug|Any CPU
		{3B39B339-86C4-47EF-8F85-811220494CA6}.Debug|Any CPU.ActiveCfg = Debug|Any CPU
		{3B39B339-86C4-47EF-8F85-811220494CA6}.Debug|Any CPU.Build.0 = Debug|Any CPU
		{3B39B339-86C4-47EF-8F85-811220494CA6}.Debug|ARM.ActiveCfg = Debug|Any CPU
		{3B39B339-86C4-47EF-8F85-811220494CA6}.Debug|ARM.Build.0 = Debug|Any CPU
		{3B39B339-86C4-47EF-8F85-811220494CA6}.Debug|iPhone.ActiveCfg = Debug|Any CPU
		{3B39B339-86C4-47EF-8F85-811220494CA6}.Debug|iPhone.Build.0 = Debug|Any CPU
		{3B39B339-86C4-47EF-8F85-811220494CA6}.Debug|iPhoneSimulator.ActiveCfg = Debug|Any CPU
		{3B39B339-86C4-47EF-8F85-811220494CA6}.Debug|iPhoneSimulator.Build.0 = Debug|Any CPU
		{3B39B339-86C4-47EF-8F85-811220494CA6}.Debug|x64.ActiveCfg = Debug|Any CPU
		{3B39B339-86C4-47EF-8F85-811220494CA6}.Debug|x64.Build.0 = Debug|Any CPU
		{3B39B339-86C4-47EF-8F85-811220494CA6}.Debug|x86.ActiveCfg = Debug|Any CPU
		{3B39B339-86C4-47EF-8F85-811220494CA6}.Debug|x86.Build.0 = Debug|Any CPU
		{3B39B339-86C4-47EF-8F85-811220494CA6}.Release|Any CPU.ActiveCfg = Release|Any CPU
		{3B39B339-86C4-47EF-8F85-811220494CA6}.Release|Any CPU.Build.0 = Release|Any CPU
		{3B39B339-86C4-47EF-8F85-811220494CA6}.Release|ARM.ActiveCfg = Release|Any CPU
		{3B39B339-86C4-47EF-8F85-811220494CA6}.Release|ARM.Build.0 = Release|Any CPU
		{3B39B339-86C4-47EF-8F85-811220494CA6}.Release|iPhone.ActiveCfg = Release|Any CPU
		{3B39B339-86C4-47EF-8F85-811220494CA6}.Release|iPhone.Build.0 = Release|Any CPU
		{3B39B339-86C4-47EF-8F85-811220494CA6}.Release|iPhoneSimulator.ActiveCfg = Release|Any CPU
		{3B39B339-86C4-47EF-8F85-811220494CA6}.Release|iPhoneSimulator.Build.0 = Release|Any CPU
		{3B39B339-86C4-47EF-8F85-811220494CA6}.Release|x64.ActiveCfg = Release|Any CPU
		{3B39B339-86C4-47EF-8F85-811220494CA6}.Release|x64.Build.0 = Release|Any CPU
		{3B39B339-86C4-47EF-8F85-811220494CA6}.Release|x86.ActiveCfg = Release|Any CPU
		{3B39B339-86C4-47EF-8F85-811220494CA6}.Release|x86.Build.0 = Release|Any CPU
		{EB8F7B8E-5013-4C0C-9C32-59ADC5FDFDBD}.Ad-Hoc|Any CPU.ActiveCfg = Debug|iPhoneSimulator
		{EB8F7B8E-5013-4C0C-9C32-59ADC5FDFDBD}.Ad-Hoc|Any CPU.Build.0 = Debug|iPhoneSimulator
		{EB8F7B8E-5013-4C0C-9C32-59ADC5FDFDBD}.Ad-Hoc|ARM.ActiveCfg = Debug|iPhoneSimulator
		{EB8F7B8E-5013-4C0C-9C32-59ADC5FDFDBD}.Ad-Hoc|ARM.Build.0 = Debug|iPhoneSimulator
		{EB8F7B8E-5013-4C0C-9C32-59ADC5FDFDBD}.Ad-Hoc|iPhone.ActiveCfg = Release|iPhone
		{EB8F7B8E-5013-4C0C-9C32-59ADC5FDFDBD}.Ad-Hoc|iPhone.Build.0 = Release|iPhone
		{EB8F7B8E-5013-4C0C-9C32-59ADC5FDFDBD}.Ad-Hoc|iPhoneSimulator.ActiveCfg = Debug|iPhoneSimulator
		{EB8F7B8E-5013-4C0C-9C32-59ADC5FDFDBD}.Ad-Hoc|iPhoneSimulator.Build.0 = Debug|iPhoneSimulator
		{EB8F7B8E-5013-4C0C-9C32-59ADC5FDFDBD}.Ad-Hoc|x64.ActiveCfg = Debug|iPhoneSimulator
		{EB8F7B8E-5013-4C0C-9C32-59ADC5FDFDBD}.Ad-Hoc|x64.Build.0 = Debug|iPhoneSimulator
		{EB8F7B8E-5013-4C0C-9C32-59ADC5FDFDBD}.Ad-Hoc|x86.ActiveCfg = Debug|iPhoneSimulator
		{EB8F7B8E-5013-4C0C-9C32-59ADC5FDFDBD}.Ad-Hoc|x86.Build.0 = Debug|iPhoneSimulator
		{EB8F7B8E-5013-4C0C-9C32-59ADC5FDFDBD}.AppStore|Any CPU.ActiveCfg = Debug|iPhoneSimulator
		{EB8F7B8E-5013-4C0C-9C32-59ADC5FDFDBD}.AppStore|Any CPU.Build.0 = Debug|iPhoneSimulator
		{EB8F7B8E-5013-4C0C-9C32-59ADC5FDFDBD}.AppStore|ARM.ActiveCfg = Debug|iPhoneSimulator
		{EB8F7B8E-5013-4C0C-9C32-59ADC5FDFDBD}.AppStore|ARM.Build.0 = Debug|iPhoneSimulator
		{EB8F7B8E-5013-4C0C-9C32-59ADC5FDFDBD}.AppStore|iPhone.ActiveCfg = Release|iPhone
		{EB8F7B8E-5013-4C0C-9C32-59ADC5FDFDBD}.AppStore|iPhone.Build.0 = Release|iPhone
		{EB8F7B8E-5013-4C0C-9C32-59ADC5FDFDBD}.AppStore|iPhoneSimulator.ActiveCfg = Debug|iPhoneSimulator
		{EB8F7B8E-5013-4C0C-9C32-59ADC5FDFDBD}.AppStore|iPhoneSimulator.Build.0 = Debug|iPhoneSimulator
		{EB8F7B8E-5013-4C0C-9C32-59ADC5FDFDBD}.AppStore|x64.ActiveCfg = Debug|iPhoneSimulator
		{EB8F7B8E-5013-4C0C-9C32-59ADC5FDFDBD}.AppStore|x64.Build.0 = Debug|iPhoneSimulator
		{EB8F7B8E-5013-4C0C-9C32-59ADC5FDFDBD}.AppStore|x86.ActiveCfg = Debug|iPhoneSimulator
		{EB8F7B8E-5013-4C0C-9C32-59ADC5FDFDBD}.AppStore|x86.Build.0 = Debug|iPhoneSimulator
		{EB8F7B8E-5013-4C0C-9C32-59ADC5FDFDBD}.Debug|Any CPU.ActiveCfg = Debug|iPhoneSimulator
		{EB8F7B8E-5013-4C0C-9C32-59ADC5FDFDBD}.Debug|Any CPU.Build.0 = Debug|iPhoneSimulator
		{EB8F7B8E-5013-4C0C-9C32-59ADC5FDFDBD}.Debug|ARM.ActiveCfg = Debug|iPhoneSimulator
		{EB8F7B8E-5013-4C0C-9C32-59ADC5FDFDBD}.Debug|ARM.Build.0 = Debug|iPhoneSimulator
		{EB8F7B8E-5013-4C0C-9C32-59ADC5FDFDBD}.Debug|iPhone.ActiveCfg = Debug|iPhone
		{EB8F7B8E-5013-4C0C-9C32-59ADC5FDFDBD}.Debug|iPhone.Build.0 = Debug|iPhone
		{EB8F7B8E-5013-4C0C-9C32-59ADC5FDFDBD}.Debug|iPhoneSimulator.ActiveCfg = Debug|iPhoneSimulator
		{EB8F7B8E-5013-4C0C-9C32-59ADC5FDFDBD}.Debug|iPhoneSimulator.Build.0 = Debug|iPhoneSimulator
		{EB8F7B8E-5013-4C0C-9C32-59ADC5FDFDBD}.Debug|x64.ActiveCfg = Debug|iPhoneSimulator
		{EB8F7B8E-5013-4C0C-9C32-59ADC5FDFDBD}.Debug|x64.Build.0 = Debug|iPhoneSimulator
		{EB8F7B8E-5013-4C0C-9C32-59ADC5FDFDBD}.Debug|x86.ActiveCfg = Debug|iPhoneSimulator
		{EB8F7B8E-5013-4C0C-9C32-59ADC5FDFDBD}.Debug|x86.Build.0 = Debug|iPhoneSimulator
		{EB8F7B8E-5013-4C0C-9C32-59ADC5FDFDBD}.Release|Any CPU.ActiveCfg = Release|iPhone
		{EB8F7B8E-5013-4C0C-9C32-59ADC5FDFDBD}.Release|Any CPU.Build.0 = Release|iPhone
		{EB8F7B8E-5013-4C0C-9C32-59ADC5FDFDBD}.Release|ARM.ActiveCfg = Release|iPhone
		{EB8F7B8E-5013-4C0C-9C32-59ADC5FDFDBD}.Release|ARM.Build.0 = Release|iPhone
		{EB8F7B8E-5013-4C0C-9C32-59ADC5FDFDBD}.Release|iPhone.ActiveCfg = Release|iPhone
		{EB8F7B8E-5013-4C0C-9C32-59ADC5FDFDBD}.Release|iPhone.Build.0 = Release|iPhone
		{EB8F7B8E-5013-4C0C-9C32-59ADC5FDFDBD}.Release|iPhoneSimulator.ActiveCfg = Release|iPhoneSimulator
		{EB8F7B8E-5013-4C0C-9C32-59ADC5FDFDBD}.Release|iPhoneSimulator.Build.0 = Release|iPhoneSimulator
		{EB8F7B8E-5013-4C0C-9C32-59ADC5FDFDBD}.Release|x64.ActiveCfg = Release|iPhone
		{EB8F7B8E-5013-4C0C-9C32-59ADC5FDFDBD}.Release|x64.Build.0 = Release|iPhone
		{EB8F7B8E-5013-4C0C-9C32-59ADC5FDFDBD}.Release|x86.ActiveCfg = Release|iPhone
		{EB8F7B8E-5013-4C0C-9C32-59ADC5FDFDBD}.Release|x86.Build.0 = Release|iPhone
		{665362D9-5EE2-45DE-A907-25DC86999A68}.Ad-Hoc|Any CPU.ActiveCfg = Debug|x86
		{665362D9-5EE2-45DE-A907-25DC86999A68}.Ad-Hoc|Any CPU.Build.0 = Debug|x86
		{665362D9-5EE2-45DE-A907-25DC86999A68}.Ad-Hoc|ARM.ActiveCfg = Debug|ARM
		{665362D9-5EE2-45DE-A907-25DC86999A68}.Ad-Hoc|ARM.Build.0 = Debug|ARM
		{665362D9-5EE2-45DE-A907-25DC86999A68}.Ad-Hoc|iPhone.ActiveCfg = Debug|x86
		{665362D9-5EE2-45DE-A907-25DC86999A68}.Ad-Hoc|iPhone.Build.0 = Debug|x86
		{665362D9-5EE2-45DE-A907-25DC86999A68}.Ad-Hoc|iPhoneSimulator.ActiveCfg = Debug|x86
		{665362D9-5EE2-45DE-A907-25DC86999A68}.Ad-Hoc|iPhoneSimulator.Build.0 = Debug|x86
		{665362D9-5EE2-45DE-A907-25DC86999A68}.Ad-Hoc|x64.ActiveCfg = Debug|x64
		{665362D9-5EE2-45DE-A907-25DC86999A68}.Ad-Hoc|x64.Build.0 = Debug|x64
		{665362D9-5EE2-45DE-A907-25DC86999A68}.Ad-Hoc|x86.ActiveCfg = Debug|x86
		{665362D9-5EE2-45DE-A907-25DC86999A68}.Ad-Hoc|x86.Build.0 = Debug|x86
		{665362D9-5EE2-45DE-A907-25DC86999A68}.AppStore|Any CPU.ActiveCfg = Debug|x86
		{665362D9-5EE2-45DE-A907-25DC86999A68}.AppStore|Any CPU.Build.0 = Debug|x86
		{665362D9-5EE2-45DE-A907-25DC86999A68}.AppStore|ARM.ActiveCfg = Debug|ARM
		{665362D9-5EE2-45DE-A907-25DC86999A68}.AppStore|ARM.Build.0 = Debug|ARM
		{665362D9-5EE2-45DE-A907-25DC86999A68}.AppStore|iPhone.ActiveCfg = Debug|x86
		{665362D9-5EE2-45DE-A907-25DC86999A68}.AppStore|iPhone.Build.0 = Debug|x86
		{665362D9-5EE2-45DE-A907-25DC86999A68}.AppStore|iPhoneSimulator.ActiveCfg = Debug|x86
		{665362D9-5EE2-45DE-A907-25DC86999A68}.AppStore|iPhoneSimulator.Build.0 = Debug|x86
		{665362D9-5EE2-45DE-A907-25DC86999A68}.AppStore|x64.ActiveCfg = Debug|x64
		{665362D9-5EE2-45DE-A907-25DC86999A68}.AppStore|x64.Build.0 = Debug|x64
		{665362D9-5EE2-45DE-A907-25DC86999A68}.AppStore|x86.ActiveCfg = Debug|x86
		{665362D9-5EE2-45DE-A907-25DC86999A68}.AppStore|x86.Build.0 = Debug|x86
		{665362D9-5EE2-45DE-A907-25DC86999A68}.Debug|Any CPU.ActiveCfg = Debug|x86
		{665362D9-5EE2-45DE-A907-25DC86999A68}.Debug|Any CPU.Build.0 = Debug|x86
		{665362D9-5EE2-45DE-A907-25DC86999A68}.Debug|ARM.ActiveCfg = Debug|ARM
		{665362D9-5EE2-45DE-A907-25DC86999A68}.Debug|ARM.Build.0 = Debug|ARM
		{665362D9-5EE2-45DE-A907-25DC86999A68}.Debug|iPhone.ActiveCfg = Debug|x86
		{665362D9-5EE2-45DE-A907-25DC86999A68}.Debug|iPhone.Build.0 = Debug|x86
		{665362D9-5EE2-45DE-A907-25DC86999A68}.Debug|iPhoneSimulator.ActiveCfg = Debug|x86
		{665362D9-5EE2-45DE-A907-25DC86999A68}.Debug|iPhoneSimulator.Build.0 = Debug|x86
		{665362D9-5EE2-45DE-A907-25DC86999A68}.Debug|x64.ActiveCfg = Debug|x64
		{665362D9-5EE2-45DE-A907-25DC86999A68}.Debug|x64.Build.0 = Debug|x64
		{665362D9-5EE2-45DE-A907-25DC86999A68}.Debug|x86.ActiveCfg = Debug|x86
		{665362D9-5EE2-45DE-A907-25DC86999A68}.Debug|x86.Build.0 = Debug|x86
		{665362D9-5EE2-45DE-A907-25DC86999A68}.Release|Any CPU.ActiveCfg = Release|x86
		{665362D9-5EE2-45DE-A907-25DC86999A68}.Release|Any CPU.Build.0 = Release|x86
		{665362D9-5EE2-45DE-A907-25DC86999A68}.Release|ARM.ActiveCfg = Release|ARM
		{665362D9-5EE2-45DE-A907-25DC86999A68}.Release|ARM.Build.0 = Release|ARM
		{665362D9-5EE2-45DE-A907-25DC86999A68}.Release|iPhone.ActiveCfg = Release|x86
		{665362D9-5EE2-45DE-A907-25DC86999A68}.Release|iPhone.Build.0 = Release|x86
		{665362D9-5EE2-45DE-A907-25DC86999A68}.Release|iPhoneSimulator.ActiveCfg = Release|x86
		{665362D9-5EE2-45DE-A907-25DC86999A68}.Release|iPhoneSimulator.Build.0 = Release|x86
		{665362D9-5EE2-45DE-A907-25DC86999A68}.Release|x64.ActiveCfg = Release|x64
		{665362D9-5EE2-45DE-A907-25DC86999A68}.Release|x64.Build.0 = Release|x64
		{665362D9-5EE2-45DE-A907-25DC86999A68}.Release|x86.ActiveCfg = Release|x86
		{665362D9-5EE2-45DE-A907-25DC86999A68}.Release|x86.Build.0 = Release|x86
	EndGlobalSection
	GlobalSection(SolutionProperties) = preSolution
		HideSolutionNode = FALSE
	EndGlobalSection
	GlobalSection(NestedProjects) = preSolution
		{91CEE2C9-F64C-45C9-9353-B1EC87D13C6D} = {274AB35C-68B4-4EFA-803B-8A7CFEC25EFC}
		{8E7B51FC-8A9B-49F7-A40D-4D12BBF893B6} = {91CEE2C9-F64C-45C9-9353-B1EC87D13C6D}
		{3B39B339-86C4-47EF-8F85-811220494CA6} = {91CEE2C9-F64C-45C9-9353-B1EC87D13C6D}
		{EB8F7B8E-5013-4C0C-9C32-59ADC5FDFDBD} = {91CEE2C9-F64C-45C9-9353-B1EC87D13C6D}
		{665362D9-5EE2-45DE-A907-25DC86999A68} = {91CEE2C9-F64C-45C9-9353-B1EC87D13C6D}
	EndGlobalSection
	GlobalSection(MonoDevelopProperties) = preSolution
		Policies = $0
		$0.TextStylePolicy = $1
		$1.scope = text/plain
		$1.TabsToSpaces = True
		$0.CSharpFormattingPolicy = $2
		$2.scope = text/x-csharp
	EndGlobalSection
EndGlobal
