
Microsoft Visual Studio Solution File, Format Version 12.00
# Visual Studio 15
VisualStudioVersion = 15.0.26403.3
MinimumVisualStudioVersion = 10.0.40219.1
Project("{2150E333-8FDC-42A3-9474-1A3956D46DE8}") = "Apps", "Apps", "{AA6821F3-930A-49E4-BA3F-D68255F39F1E}"
EndProject
Project("{2150E333-8FDC-42A3-9474-1A3956D46DE8}") = "SDK", "SDK", "{52B933EB-4C7D-4646-B12B-DF6BBAD7921A}"
EndProject
Project("{2150E333-8FDC-42A3-9474-1A3956D46DE8}") = "Tests", "Tests", "{BC900C35-E0AD-46D2-BA4A-EF1904820B4A}"
EndProject
Project("{2150E333-8FDC-42A3-9474-1A3956D46DE8}") = "MobileCenter", "MobileCenter", "{A0839AAC-BC4D-4DDE-9ACB-C094BC599C16}"
EndProject
Project("{2150E333-8FDC-42A3-9474-1A3956D46DE8}") = "MobileCenterAnalytics", "MobileCenterAnalytics", "{95CACF52-25AA-4C05-B587-2BBF4B5514D1}"
EndProject
Project("{2150E333-8FDC-42A3-9474-1A3956D46DE8}") = "MobileCenterCrashes", "MobileCenterCrashes", "{A60D537E-41F7-44D6-95C8-5DDB77B07308}"
EndProject
Project("{FAE04EC0-301F-11D3-BF4B-00C04F79EFBC}") = "Microsoft.Azure.Mobile", "SDK\MobileCenter\Microsoft.Azure.Mobile\Microsoft.Azure.Mobile.csproj", "{3FE04B97-48DE-4895-8612-ECBDFEBD917C}"
EndProject
Project("{D954291E-2A0B-460D-934E-DC6B0785DB48}") = "Microsoft.Azure.Mobile.Shared", "SDK\MobileCenter\Microsoft.Azure.Mobile.Shared\Microsoft.Azure.Mobile.Shared.shproj", "{C6C4937C-D5F4-4E00-8B51-8D826AD83C5E}"
EndProject
Project("{FAE04EC0-301F-11D3-BF4B-00C04F79EFBC}") = "Microsoft.Azure.Mobile.UWP", "SDK\MobileCenter\Microsoft.Azure.Mobile.UWP\Microsoft.Azure.Mobile.UWP.csproj", "{15E3FC9B-7714-4468-A296-81627A5B8F01}"
EndProject
Project("{D954291E-2A0B-460D-934E-DC6B0785DB48}") = "Microsoft.Azure.Mobile.Windows.Shared", "SDK\MobileCenter\Microsoft.Azure.Mobile.Windows.Shared\Microsoft.Azure.Mobile.Windows.Shared.shproj", "{B4E6AD1C-21A0-43A4-BD73-ED9BFC19BE6F}"
EndProject
Project("{FAE04EC0-301F-11D3-BF4B-00C04F79EFBC}") = "Microsoft.Azure.Mobile.Analytics", "SDK\MobileCenterAnalytics\Microsoft.Azure.Mobile.Analytics\Microsoft.Azure.Mobile.Analytics.csproj", "{0F13E444-717E-460A-BDE7-8AD537F0A418}"
EndProject
Project("{FAE04EC0-301F-11D3-BF4B-00C04F79EFBC}") = "Microsoft.Azure.Mobile.Analytics.UWP", "SDK\MobileCenterAnalytics\Microsoft.Azure.Mobile.Analytics.UWP\Microsoft.Azure.Mobile.Analytics.UWP.csproj", "{200073BF-FA7E-42AF-8ED5-AA50BE7C0295}"
EndProject
Project("{D954291E-2A0B-460D-934E-DC6B0785DB48}") = "Microsoft.Azure.Mobile.Analytics.Windows.Shared", "SDK\MobileCenterAnalytics\Microsoft.Azure.Mobile.Analytics.Windows.Shared\Microsoft.Azure.Mobile.Analytics.Windows.Shared.shproj", "{7CE5BF9E-3650-4151-8B54-C1301AA73606}"
EndProject
Project("{FAE04EC0-301F-11D3-BF4B-00C04F79EFBC}") = "Microsoft.Azure.Mobile.Crashes", "SDK\MobileCenterCrashes\Microsoft.Azure.Mobile.Crashes\Microsoft.Azure.Mobile.Crashes.csproj", "{302F0881-77AE-4CCE-ACF4-930AD5D4FB08}"
EndProject
Project("{D954291E-2A0B-460D-934E-DC6B0785DB48}") = "Microsoft.Azure.Mobile.Crashes.Shared", "SDK\MobileCenterCrashes\Microsoft.Azure.Mobile.Crashes.Shared\Microsoft.Azure.Mobile.Crashes.Shared.shproj", "{DB5A0B7D-8090-4A0C-97C7-CDF17AACAAF2}"
EndProject
Project("{FAE04EC0-301F-11D3-BF4B-00C04F79EFBC}") = "Microsoft.Azure.Mobile.Crashes.UWP", "SDK\MobileCenterCrashes\Microsoft.Azure.Mobile.Crashes.UWP\Microsoft.Azure.Mobile.Crashes.UWP.csproj", "{2F715D51-643C-4F7F-9EA4-6554D4EECCB2}"
EndProject
Project("{2150E333-8FDC-42A3-9474-1A3956D46DE8}") = "Contoso.Forms.Puppet", "Contoso.Forms.Puppet", "{AC1B688C-2519-4C40-9F23-D4021C30E115}"
EndProject
Project("{FAE04EC0-301F-11D3-BF4B-00C04F79EFBC}") = "Contoso.Forms.Puppet", "Apps\Contoso.Forms.Puppet\Contoso.Forms.Puppet\Contoso.Forms.Puppet.csproj", "{92313C69-3BC4-4276-A1C8-100C86183F12}"
EndProject
Project("{FAE04EC0-301F-11D3-BF4B-00C04F79EFBC}") = "Contoso.Forms.Puppet.UWP", "Apps\Contoso.Forms.Puppet\Contoso.Forms.Puppet.UWP\Contoso.Forms.Puppet.UWP.csproj", "{F2E21B65-DF87-40F0-BB2E-E67E728B86DA}"
EndProject
Project("{FAE04EC0-301F-11D3-BF4B-00C04F79EFBC}") = "Microsoft.Azure.Mobile.Test.Windows", "Tests\Microsoft.Azure.Mobile.Test.Windows\Microsoft.Azure.Mobile.Test.Windows.csproj", "{E52C5D53-4485-4350-9F4E-AFF85CC18FD7}"
EndProject
Project("{FAE04EC0-301F-11D3-BF4B-00C04F79EFBC}") = "Microsoft.Azure.Mobile.NET", "Tests\Microsoft.Azure.Mobile.NET\Microsoft.Azure.Mobile.NET.csproj", "{E76DC547-2B63-4911-971C-767587EBFAB6}"
EndProject
Project("{FAE04EC0-301F-11D3-BF4B-00C04F79EFBC}") = "Microsoft.Azure.Mobile.Analytics.NET", "Tests\Microsoft.Azure.Mobile.Analytics.NET\Microsoft.Azure.Mobile.Analytics.NET.csproj", "{C5DAC35E-B902-4E24-A8F7-963AD0F85F7A}"
EndProject
Project("{FAE04EC0-301F-11D3-BF4B-00C04F79EFBC}") = "Microsoft.Azure.Mobile.Analytics.Test.Windows", "Tests\Microsoft.Azure.Mobile.Analytics.Test.Windows\Microsoft.Azure.Mobile.Analytics.Test.Windows.csproj", "{4CFBAE12-D17F-49FF-B41D-C861EEB965C4}"
EndProject
Project("{FAE04EC0-301F-11D3-BF4B-00C04F79EFBC}") = "Contoso.UWP.Puppet", "Apps\Contoso.UWP.Puppet\Contoso.UWP.Puppet.csproj", "{2F81AF7B-06FC-4163-859A-979F375330FF}"
EndProject
Project("{2150E333-8FDC-42A3-9474-1A3956D46DE8}") = "Contoso.Forms.Demo", "Contoso.Forms.Demo", "{98E19A5F-F553-4414-96FD-FBE4B6221CD5}"
EndProject
Project("{FAE04EC0-301F-11D3-BF4B-00C04F79EFBC}") = "Contoso.Forms.Demo", "Apps\Contoso.Forms.Demo\Contoso.Forms.Demo\Contoso.Forms.Demo.csproj", "{8E7B51FC-8A9B-49F7-A40D-4D12BBF893B6}"
EndProject
Project("{FAE04EC0-301F-11D3-BF4B-00C04F79EFBC}") = "Contoso.Forms.Demo.UWP", "Apps\Contoso.Forms.Demo\Contoso.Forms.Demo.UWP\Contoso.Forms.Demo.UWP.csproj", "{665362D9-5EE2-45DE-A907-25DC86999A68}"
EndProject
Project("{8BC9CEB8-8B4A-11D0-8D11-00A0C91BC942}") = "WatsonRegistrationUtility", "SDK\MobileCenter\WatsonRegistrationUtility\WatsonRegistrationUtility.vcxproj", "{B977BF28-3A1C-4A89-A673-A22EDDC9D23D}"
EndProject
Project("{2150E333-8FDC-42A3-9474-1A3956D46DE8}") = "MobileCenterDistribute", "MobileCenterDistribute", "{44E43AB9-E48B-4162-BEAA-2D59651DB6FA}"
EndProject
Project("{D954291E-2A0B-460D-934E-DC6B0785DB48}") = "Microsoft.Azure.Mobile.Distribute.Shared", "SDK\MobileCenterDistribute\Microsoft.Azure.Mobile.Distribute.Shared\Microsoft.Azure.Mobile.Distribute.Shared.shproj", "{5AEF073D-7370-41C1-86CD-A61B4DEB9883}"
EndProject
Project("{FAE04EC0-301F-11D3-BF4B-00C04F79EFBC}") = "Microsoft.Azure.Mobile.Distribute", "SDK\MobileCenterDistribute\Microsoft.Azure.Mobile.Distribute\Microsoft.Azure.Mobile.Distribute.csproj", "{41FEBC72-C12B-47E1-B6F6-51D50158C825}"
EndProject
Project("{2150E333-8FDC-42A3-9474-1A3956D46DE8}") = "Contoso.UWP.Puppet", "Contoso.UWP.Puppet", "{84BEBC1B-18C9-46F4-821A-49ADFCD97A02}"
EndProject
Project("{FAE04EC0-301F-11D3-BF4B-00C04F79EFBC}") = "Microsoft.Azure.Mobile.Test.UWP", "Tests\Microsoft.Azure.Mobile.Test.UWP\Microsoft.Azure.Mobile.Test.UWP.csproj", "{6D86EE4F-2871-4DC3-BCA4-A692DBEAE59D}"
EndProject
Project("{FAE04EC0-301F-11D3-BF4B-00C04F79EFBC}") = "Microsoft.Azure.Mobile.Analytics.Test.UWP", "Tests\Microsoft.Azure.Mobile.Analytics.Test.UWP\Microsoft.Azure.Mobile.Analytics.Test.UWP.csproj", "{4845BF78-ED1F-4861-AE0F-30E3970ABAB6}"
EndProject
Global
	GlobalSection(SharedMSBuildProjectFiles) = preSolution
		SDK\MobileCenter\Microsoft.Azure.Mobile.Shared\Microsoft.Azure.Mobile.Shared.projitems*{15e3fc9b-7714-4468-a296-81627a5b8f01}*SharedItemsImports = 4
		SDK\MobileCenter\Microsoft.Azure.Mobile.Windows.Shared\Microsoft.Azure.Mobile.Windows.Shared.projitems*{15e3fc9b-7714-4468-a296-81627a5b8f01}*SharedItemsImports = 4
		SDK\MobileCenterAnalytics\Microsoft.Azure.Mobile.Analytics.Windows.Shared\Microsoft.Azure.Mobile.Analytics.Windows.Shared.projitems*{200073bf-fa7e-42af-8ed5-aa50be7c0295}*SharedItemsImports = 4
		SDK\MobileCenterCrashes\Microsoft.Azure.Mobile.Crashes.Shared\Microsoft.Azure.Mobile.Crashes.Shared.projitems*{302f0881-77ae-4cce-acf4-930ad5d4fb08}*SharedItemsImports = 4
		SDK\MobileCenter\Microsoft.Azure.Mobile.Shared\Microsoft.Azure.Mobile.Shared.projitems*{3fe04b97-48de-4895-8612-ecbdfebd917c}*SharedItemsImports = 4
		SDK\MobileCenterDistribute\Microsoft.Azure.Mobile.Distribute.Shared\Microsoft.Azure.Mobile.Distribute.Shared.projitems*{41febc72-c12b-47e1-b6f6-51d50158c825}*SharedItemsImports = 4
		SDK\MobileCenterDistribute\Microsoft.Azure.Mobile.Distribute.Shared\Microsoft.Azure.Mobile.Distribute.Shared.projitems*{5aef073d-7370-41c1-86cd-a61b4deb9883}*SharedItemsImports = 13
		SDK\MobileCenterAnalytics\Microsoft.Azure.Mobile.Analytics.Windows.Shared\Microsoft.Azure.Mobile.Analytics.Windows.Shared.projitems*{7ce5bf9e-3650-4151-8b54-c1301aa73606}*SharedItemsImports = 13
		SDK\MobileCenter\Microsoft.Azure.Mobile.Windows.Shared\Microsoft.Azure.Mobile.Windows.Shared.projitems*{b4e6ad1c-21a0-43a4-bd73-ed9bfc19be6f}*SharedItemsImports = 13
		SDK\MobileCenterAnalytics\Microsoft.Azure.Mobile.Analytics.Windows.Shared\Microsoft.Azure.Mobile.Analytics.Windows.Shared.projitems*{c5dac35e-b902-4e24-a8f7-963ad0f85f7a}*SharedItemsImports = 4
		SDK\MobileCenter\Microsoft.Azure.Mobile.Shared\Microsoft.Azure.Mobile.Shared.projitems*{c6c4937c-d5f4-4e00-8b51-8d826ad83c5e}*SharedItemsImports = 13
		SDK\MobileCenterCrashes\Microsoft.Azure.Mobile.Crashes.Shared\Microsoft.Azure.Mobile.Crashes.Shared.projitems*{db5a0b7d-8090-4a0c-97c7-cdf17aacaaf2}*SharedItemsImports = 13
		SDK\MobileCenter\Microsoft.Azure.Mobile.Shared\Microsoft.Azure.Mobile.Shared.projitems*{e76dc547-2b63-4911-971c-767587ebfab6}*SharedItemsImports = 4
		SDK\MobileCenter\Microsoft.Azure.Mobile.Windows.Shared\Microsoft.Azure.Mobile.Windows.Shared.projitems*{e76dc547-2b63-4911-971c-767587ebfab6}*SharedItemsImports = 4
	EndGlobalSection
	GlobalSection(SolutionConfigurationPlatforms) = preSolution
		Debug|Any CPU = Debug|Any CPU
		Debug|ARM = Debug|ARM
		Debug|x64 = Debug|x64
		Debug|x86 = Debug|x86
		Release|Any CPU = Release|Any CPU
		Release|ARM = Release|ARM
		Release|x64 = Release|x64
		Release|x86 = Release|x86
	EndGlobalSection
	GlobalSection(ProjectConfigurationPlatforms) = postSolution
		{3FE04B97-48DE-4895-8612-ECBDFEBD917C}.Debug|Any CPU.ActiveCfg = Debug|Any CPU
		{3FE04B97-48DE-4895-8612-ECBDFEBD917C}.Debug|Any CPU.Build.0 = Debug|Any CPU
		{3FE04B97-48DE-4895-8612-ECBDFEBD917C}.Debug|ARM.ActiveCfg = Debug|Any CPU
		{3FE04B97-48DE-4895-8612-ECBDFEBD917C}.Debug|ARM.Build.0 = Debug|Any CPU
		{3FE04B97-48DE-4895-8612-ECBDFEBD917C}.Debug|x64.ActiveCfg = Debug|Any CPU
		{3FE04B97-48DE-4895-8612-ECBDFEBD917C}.Debug|x64.Build.0 = Debug|Any CPU
		{3FE04B97-48DE-4895-8612-ECBDFEBD917C}.Debug|x86.ActiveCfg = Debug|Any CPU
		{3FE04B97-48DE-4895-8612-ECBDFEBD917C}.Debug|x86.Build.0 = Debug|Any CPU
		{3FE04B97-48DE-4895-8612-ECBDFEBD917C}.Release|Any CPU.ActiveCfg = Release|Any CPU
		{3FE04B97-48DE-4895-8612-ECBDFEBD917C}.Release|Any CPU.Build.0 = Release|Any CPU
		{3FE04B97-48DE-4895-8612-ECBDFEBD917C}.Release|ARM.ActiveCfg = Release|Any CPU
		{3FE04B97-48DE-4895-8612-ECBDFEBD917C}.Release|ARM.Build.0 = Release|Any CPU
		{3FE04B97-48DE-4895-8612-ECBDFEBD917C}.Release|x64.ActiveCfg = Release|Any CPU
		{3FE04B97-48DE-4895-8612-ECBDFEBD917C}.Release|x64.Build.0 = Release|Any CPU
		{3FE04B97-48DE-4895-8612-ECBDFEBD917C}.Release|x86.ActiveCfg = Release|Any CPU
		{3FE04B97-48DE-4895-8612-ECBDFEBD917C}.Release|x86.Build.0 = Release|Any CPU
		{15E3FC9B-7714-4468-A296-81627A5B8F01}.Debug|Any CPU.ActiveCfg = Debug|x86
		{15E3FC9B-7714-4468-A296-81627A5B8F01}.Debug|Any CPU.Build.0 = Debug|x86
		{15E3FC9B-7714-4468-A296-81627A5B8F01}.Debug|ARM.ActiveCfg = Debug|ARM
		{15E3FC9B-7714-4468-A296-81627A5B8F01}.Debug|ARM.Build.0 = Debug|ARM
		{15E3FC9B-7714-4468-A296-81627A5B8F01}.Debug|x64.ActiveCfg = Debug|x64
		{15E3FC9B-7714-4468-A296-81627A5B8F01}.Debug|x64.Build.0 = Debug|x64
		{15E3FC9B-7714-4468-A296-81627A5B8F01}.Debug|x86.ActiveCfg = Debug|x86
		{15E3FC9B-7714-4468-A296-81627A5B8F01}.Debug|x86.Build.0 = Debug|x86
		{15E3FC9B-7714-4468-A296-81627A5B8F01}.Release|Any CPU.ActiveCfg = Release|x86
		{15E3FC9B-7714-4468-A296-81627A5B8F01}.Release|Any CPU.Build.0 = Release|x86
		{15E3FC9B-7714-4468-A296-81627A5B8F01}.Release|ARM.ActiveCfg = Release|ARM
		{15E3FC9B-7714-4468-A296-81627A5B8F01}.Release|ARM.Build.0 = Release|ARM
		{15E3FC9B-7714-4468-A296-81627A5B8F01}.Release|x64.ActiveCfg = Release|x64
		{15E3FC9B-7714-4468-A296-81627A5B8F01}.Release|x64.Build.0 = Release|x64
		{15E3FC9B-7714-4468-A296-81627A5B8F01}.Release|x86.ActiveCfg = Release|x86
		{15E3FC9B-7714-4468-A296-81627A5B8F01}.Release|x86.Build.0 = Release|x86
		{0F13E444-717E-460A-BDE7-8AD537F0A418}.Debug|Any CPU.ActiveCfg = Debug|Any CPU
		{0F13E444-717E-460A-BDE7-8AD537F0A418}.Debug|Any CPU.Build.0 = Debug|Any CPU
		{0F13E444-717E-460A-BDE7-8AD537F0A418}.Debug|ARM.ActiveCfg = Debug|Any CPU
		{0F13E444-717E-460A-BDE7-8AD537F0A418}.Debug|ARM.Build.0 = Debug|Any CPU
		{0F13E444-717E-460A-BDE7-8AD537F0A418}.Debug|x64.ActiveCfg = Debug|Any CPU
		{0F13E444-717E-460A-BDE7-8AD537F0A418}.Debug|x64.Build.0 = Debug|Any CPU
		{0F13E444-717E-460A-BDE7-8AD537F0A418}.Debug|x86.ActiveCfg = Debug|Any CPU
		{0F13E444-717E-460A-BDE7-8AD537F0A418}.Debug|x86.Build.0 = Debug|Any CPU
		{0F13E444-717E-460A-BDE7-8AD537F0A418}.Release|Any CPU.ActiveCfg = Release|Any CPU
		{0F13E444-717E-460A-BDE7-8AD537F0A418}.Release|Any CPU.Build.0 = Release|Any CPU
		{0F13E444-717E-460A-BDE7-8AD537F0A418}.Release|ARM.ActiveCfg = Release|Any CPU
		{0F13E444-717E-460A-BDE7-8AD537F0A418}.Release|ARM.Build.0 = Release|Any CPU
		{0F13E444-717E-460A-BDE7-8AD537F0A418}.Release|x64.ActiveCfg = Release|Any CPU
		{0F13E444-717E-460A-BDE7-8AD537F0A418}.Release|x64.Build.0 = Release|Any CPU
		{0F13E444-717E-460A-BDE7-8AD537F0A418}.Release|x86.ActiveCfg = Release|Any CPU
		{0F13E444-717E-460A-BDE7-8AD537F0A418}.Release|x86.Build.0 = Release|Any CPU
		{200073BF-FA7E-42AF-8ED5-AA50BE7C0295}.Debug|Any CPU.ActiveCfg = Debug|x86
		{200073BF-FA7E-42AF-8ED5-AA50BE7C0295}.Debug|Any CPU.Build.0 = Debug|x86
		{200073BF-FA7E-42AF-8ED5-AA50BE7C0295}.Debug|ARM.ActiveCfg = Debug|ARM
		{200073BF-FA7E-42AF-8ED5-AA50BE7C0295}.Debug|ARM.Build.0 = Debug|ARM
		{200073BF-FA7E-42AF-8ED5-AA50BE7C0295}.Debug|x64.ActiveCfg = Debug|x64
		{200073BF-FA7E-42AF-8ED5-AA50BE7C0295}.Debug|x64.Build.0 = Debug|x64
		{200073BF-FA7E-42AF-8ED5-AA50BE7C0295}.Debug|x86.ActiveCfg = Debug|x86
		{200073BF-FA7E-42AF-8ED5-AA50BE7C0295}.Debug|x86.Build.0 = Debug|x86
		{200073BF-FA7E-42AF-8ED5-AA50BE7C0295}.Release|Any CPU.ActiveCfg = Release|Any CPU
		{200073BF-FA7E-42AF-8ED5-AA50BE7C0295}.Release|Any CPU.Build.0 = Release|Any CPU
		{200073BF-FA7E-42AF-8ED5-AA50BE7C0295}.Release|ARM.ActiveCfg = Release|ARM
		{200073BF-FA7E-42AF-8ED5-AA50BE7C0295}.Release|ARM.Build.0 = Release|ARM
		{200073BF-FA7E-42AF-8ED5-AA50BE7C0295}.Release|x64.ActiveCfg = Release|x64
		{200073BF-FA7E-42AF-8ED5-AA50BE7C0295}.Release|x64.Build.0 = Release|x64
		{200073BF-FA7E-42AF-8ED5-AA50BE7C0295}.Release|x86.ActiveCfg = Release|x86
		{200073BF-FA7E-42AF-8ED5-AA50BE7C0295}.Release|x86.Build.0 = Release|x86
		{302F0881-77AE-4CCE-ACF4-930AD5D4FB08}.Debug|Any CPU.ActiveCfg = Debug|Any CPU
		{302F0881-77AE-4CCE-ACF4-930AD5D4FB08}.Debug|Any CPU.Build.0 = Debug|Any CPU
		{302F0881-77AE-4CCE-ACF4-930AD5D4FB08}.Debug|ARM.ActiveCfg = Debug|Any CPU
		{302F0881-77AE-4CCE-ACF4-930AD5D4FB08}.Debug|ARM.Build.0 = Debug|Any CPU
		{302F0881-77AE-4CCE-ACF4-930AD5D4FB08}.Debug|x64.ActiveCfg = Debug|Any CPU
		{302F0881-77AE-4CCE-ACF4-930AD5D4FB08}.Debug|x64.Build.0 = Debug|Any CPU
		{302F0881-77AE-4CCE-ACF4-930AD5D4FB08}.Debug|x86.ActiveCfg = Debug|Any CPU
		{302F0881-77AE-4CCE-ACF4-930AD5D4FB08}.Debug|x86.Build.0 = Debug|Any CPU
		{302F0881-77AE-4CCE-ACF4-930AD5D4FB08}.Release|Any CPU.ActiveCfg = Release|Any CPU
		{302F0881-77AE-4CCE-ACF4-930AD5D4FB08}.Release|Any CPU.Build.0 = Release|Any CPU
		{302F0881-77AE-4CCE-ACF4-930AD5D4FB08}.Release|ARM.ActiveCfg = Release|Any CPU
		{302F0881-77AE-4CCE-ACF4-930AD5D4FB08}.Release|ARM.Build.0 = Release|Any CPU
		{302F0881-77AE-4CCE-ACF4-930AD5D4FB08}.Release|x64.ActiveCfg = Release|Any CPU
		{302F0881-77AE-4CCE-ACF4-930AD5D4FB08}.Release|x64.Build.0 = Release|Any CPU
		{302F0881-77AE-4CCE-ACF4-930AD5D4FB08}.Release|x86.ActiveCfg = Release|Any CPU
		{302F0881-77AE-4CCE-ACF4-930AD5D4FB08}.Release|x86.Build.0 = Release|Any CPU
		{2F715D51-643C-4F7F-9EA4-6554D4EECCB2}.Debug|Any CPU.ActiveCfg = Debug|x86
		{2F715D51-643C-4F7F-9EA4-6554D4EECCB2}.Debug|Any CPU.Build.0 = Debug|x86
		{2F715D51-643C-4F7F-9EA4-6554D4EECCB2}.Debug|ARM.ActiveCfg = Debug|ARM
		{2F715D51-643C-4F7F-9EA4-6554D4EECCB2}.Debug|ARM.Build.0 = Debug|ARM
		{2F715D51-643C-4F7F-9EA4-6554D4EECCB2}.Debug|x64.ActiveCfg = Debug|x64
		{2F715D51-643C-4F7F-9EA4-6554D4EECCB2}.Debug|x64.Build.0 = Debug|x64
		{2F715D51-643C-4F7F-9EA4-6554D4EECCB2}.Debug|x86.ActiveCfg = Debug|x86
		{2F715D51-643C-4F7F-9EA4-6554D4EECCB2}.Debug|x86.Build.0 = Debug|x86
		{2F715D51-643C-4F7F-9EA4-6554D4EECCB2}.Release|Any CPU.ActiveCfg = Release|Any CPU
		{2F715D51-643C-4F7F-9EA4-6554D4EECCB2}.Release|Any CPU.Build.0 = Release|Any CPU
		{2F715D51-643C-4F7F-9EA4-6554D4EECCB2}.Release|ARM.ActiveCfg = Release|ARM
		{2F715D51-643C-4F7F-9EA4-6554D4EECCB2}.Release|ARM.Build.0 = Release|ARM
		{2F715D51-643C-4F7F-9EA4-6554D4EECCB2}.Release|x64.ActiveCfg = Release|x64
		{2F715D51-643C-4F7F-9EA4-6554D4EECCB2}.Release|x64.Build.0 = Release|x64
		{2F715D51-643C-4F7F-9EA4-6554D4EECCB2}.Release|x86.ActiveCfg = Release|x86
		{2F715D51-643C-4F7F-9EA4-6554D4EECCB2}.Release|x86.Build.0 = Release|x86
		{92313C69-3BC4-4276-A1C8-100C86183F12}.Debug|Any CPU.ActiveCfg = Debug|Any CPU
		{92313C69-3BC4-4276-A1C8-100C86183F12}.Debug|Any CPU.Build.0 = Debug|Any CPU
		{92313C69-3BC4-4276-A1C8-100C86183F12}.Debug|ARM.ActiveCfg = Debug|Any CPU
		{92313C69-3BC4-4276-A1C8-100C86183F12}.Debug|ARM.Build.0 = Debug|Any CPU
		{92313C69-3BC4-4276-A1C8-100C86183F12}.Debug|x64.ActiveCfg = Debug|Any CPU
		{92313C69-3BC4-4276-A1C8-100C86183F12}.Debug|x64.Build.0 = Debug|Any CPU
		{92313C69-3BC4-4276-A1C8-100C86183F12}.Debug|x86.ActiveCfg = Debug|Any CPU
		{92313C69-3BC4-4276-A1C8-100C86183F12}.Debug|x86.Build.0 = Debug|Any CPU
		{92313C69-3BC4-4276-A1C8-100C86183F12}.Release|Any CPU.ActiveCfg = Release|Any CPU
		{92313C69-3BC4-4276-A1C8-100C86183F12}.Release|Any CPU.Build.0 = Release|Any CPU
		{92313C69-3BC4-4276-A1C8-100C86183F12}.Release|ARM.ActiveCfg = Release|Any CPU
		{92313C69-3BC4-4276-A1C8-100C86183F12}.Release|ARM.Build.0 = Release|Any CPU
		{92313C69-3BC4-4276-A1C8-100C86183F12}.Release|x64.ActiveCfg = Release|Any CPU
		{92313C69-3BC4-4276-A1C8-100C86183F12}.Release|x64.Build.0 = Release|Any CPU
		{92313C69-3BC4-4276-A1C8-100C86183F12}.Release|x86.ActiveCfg = Release|Any CPU
		{92313C69-3BC4-4276-A1C8-100C86183F12}.Release|x86.Build.0 = Release|Any CPU
		{F2E21B65-DF87-40F0-BB2E-E67E728B86DA}.Debug|Any CPU.ActiveCfg = Debug|x86
		{F2E21B65-DF87-40F0-BB2E-E67E728B86DA}.Debug|Any CPU.Build.0 = Debug|x86
		{F2E21B65-DF87-40F0-BB2E-E67E728B86DA}.Debug|Any CPU.Deploy.0 = Debug|x86
		{F2E21B65-DF87-40F0-BB2E-E67E728B86DA}.Debug|ARM.ActiveCfg = Debug|ARM
		{F2E21B65-DF87-40F0-BB2E-E67E728B86DA}.Debug|ARM.Build.0 = Debug|ARM
		{F2E21B65-DF87-40F0-BB2E-E67E728B86DA}.Debug|ARM.Deploy.0 = Debug|ARM
		{F2E21B65-DF87-40F0-BB2E-E67E728B86DA}.Debug|x64.ActiveCfg = Debug|x64
		{F2E21B65-DF87-40F0-BB2E-E67E728B86DA}.Debug|x64.Build.0 = Debug|x64
		{F2E21B65-DF87-40F0-BB2E-E67E728B86DA}.Debug|x64.Deploy.0 = Debug|x64
		{F2E21B65-DF87-40F0-BB2E-E67E728B86DA}.Debug|x86.ActiveCfg = Debug|x86
		{F2E21B65-DF87-40F0-BB2E-E67E728B86DA}.Debug|x86.Build.0 = Debug|x86
		{F2E21B65-DF87-40F0-BB2E-E67E728B86DA}.Debug|x86.Deploy.0 = Debug|x86
		{F2E21B65-DF87-40F0-BB2E-E67E728B86DA}.Release|Any CPU.ActiveCfg = Release|x86
		{F2E21B65-DF87-40F0-BB2E-E67E728B86DA}.Release|Any CPU.Build.0 = Release|x86
		{F2E21B65-DF87-40F0-BB2E-E67E728B86DA}.Release|Any CPU.Deploy.0 = Release|x86
		{F2E21B65-DF87-40F0-BB2E-E67E728B86DA}.Release|ARM.ActiveCfg = Release|ARM
		{F2E21B65-DF87-40F0-BB2E-E67E728B86DA}.Release|ARM.Build.0 = Release|ARM
		{F2E21B65-DF87-40F0-BB2E-E67E728B86DA}.Release|ARM.Deploy.0 = Release|ARM
		{F2E21B65-DF87-40F0-BB2E-E67E728B86DA}.Release|x64.ActiveCfg = Release|x64
		{F2E21B65-DF87-40F0-BB2E-E67E728B86DA}.Release|x64.Build.0 = Release|x64
		{F2E21B65-DF87-40F0-BB2E-E67E728B86DA}.Release|x64.Deploy.0 = Release|x64
		{F2E21B65-DF87-40F0-BB2E-E67E728B86DA}.Release|x86.ActiveCfg = Release|x86
		{F2E21B65-DF87-40F0-BB2E-E67E728B86DA}.Release|x86.Build.0 = Release|x86
		{F2E21B65-DF87-40F0-BB2E-E67E728B86DA}.Release|x86.Deploy.0 = Release|x86
		{E52C5D53-4485-4350-9F4E-AFF85CC18FD7}.Debug|Any CPU.ActiveCfg = Debug|Any CPU
		{E52C5D53-4485-4350-9F4E-AFF85CC18FD7}.Debug|Any CPU.Build.0 = Debug|Any CPU
		{E52C5D53-4485-4350-9F4E-AFF85CC18FD7}.Debug|ARM.ActiveCfg = Debug|Any CPU
		{E52C5D53-4485-4350-9F4E-AFF85CC18FD7}.Debug|ARM.Build.0 = Debug|Any CPU
		{E52C5D53-4485-4350-9F4E-AFF85CC18FD7}.Debug|x64.ActiveCfg = Debug|Any CPU
		{E52C5D53-4485-4350-9F4E-AFF85CC18FD7}.Debug|x64.Build.0 = Debug|Any CPU
		{E52C5D53-4485-4350-9F4E-AFF85CC18FD7}.Debug|x86.ActiveCfg = Debug|Any CPU
		{E52C5D53-4485-4350-9F4E-AFF85CC18FD7}.Debug|x86.Build.0 = Debug|Any CPU
		{E52C5D53-4485-4350-9F4E-AFF85CC18FD7}.Release|Any CPU.ActiveCfg = Release|Any CPU
		{E52C5D53-4485-4350-9F4E-AFF85CC18FD7}.Release|Any CPU.Build.0 = Release|Any CPU
		{E52C5D53-4485-4350-9F4E-AFF85CC18FD7}.Release|ARM.ActiveCfg = Release|Any CPU
		{E52C5D53-4485-4350-9F4E-AFF85CC18FD7}.Release|ARM.Build.0 = Release|Any CPU
		{E52C5D53-4485-4350-9F4E-AFF85CC18FD7}.Release|x64.ActiveCfg = Release|Any CPU
		{E52C5D53-4485-4350-9F4E-AFF85CC18FD7}.Release|x64.Build.0 = Release|Any CPU
		{E52C5D53-4485-4350-9F4E-AFF85CC18FD7}.Release|x86.ActiveCfg = Release|Any CPU
		{E52C5D53-4485-4350-9F4E-AFF85CC18FD7}.Release|x86.Build.0 = Release|Any CPU
		{E76DC547-2B63-4911-971C-767587EBFAB6}.Debug|Any CPU.ActiveCfg = Debug|Any CPU
		{E76DC547-2B63-4911-971C-767587EBFAB6}.Debug|Any CPU.Build.0 = Debug|Any CPU
		{E76DC547-2B63-4911-971C-767587EBFAB6}.Debug|ARM.ActiveCfg = Debug|Any CPU
		{E76DC547-2B63-4911-971C-767587EBFAB6}.Debug|ARM.Build.0 = Debug|Any CPU
		{E76DC547-2B63-4911-971C-767587EBFAB6}.Debug|x64.ActiveCfg = Debug|Any CPU
		{E76DC547-2B63-4911-971C-767587EBFAB6}.Debug|x64.Build.0 = Debug|Any CPU
		{E76DC547-2B63-4911-971C-767587EBFAB6}.Debug|x86.ActiveCfg = Debug|Any CPU
		{E76DC547-2B63-4911-971C-767587EBFAB6}.Debug|x86.Build.0 = Debug|Any CPU
		{E76DC547-2B63-4911-971C-767587EBFAB6}.Release|Any CPU.ActiveCfg = Release|Any CPU
		{E76DC547-2B63-4911-971C-767587EBFAB6}.Release|Any CPU.Build.0 = Release|Any CPU
		{E76DC547-2B63-4911-971C-767587EBFAB6}.Release|ARM.ActiveCfg = Release|Any CPU
		{E76DC547-2B63-4911-971C-767587EBFAB6}.Release|ARM.Build.0 = Release|Any CPU
		{E76DC547-2B63-4911-971C-767587EBFAB6}.Release|x64.ActiveCfg = Release|Any CPU
		{E76DC547-2B63-4911-971C-767587EBFAB6}.Release|x64.Build.0 = Release|Any CPU
		{E76DC547-2B63-4911-971C-767587EBFAB6}.Release|x86.ActiveCfg = Release|Any CPU
		{E76DC547-2B63-4911-971C-767587EBFAB6}.Release|x86.Build.0 = Release|Any CPU
		{C5DAC35E-B902-4E24-A8F7-963AD0F85F7A}.Debug|Any CPU.ActiveCfg = Debug|Any CPU
		{C5DAC35E-B902-4E24-A8F7-963AD0F85F7A}.Debug|Any CPU.Build.0 = Debug|Any CPU
		{C5DAC35E-B902-4E24-A8F7-963AD0F85F7A}.Debug|ARM.ActiveCfg = Debug|Any CPU
		{C5DAC35E-B902-4E24-A8F7-963AD0F85F7A}.Debug|ARM.Build.0 = Debug|Any CPU
		{C5DAC35E-B902-4E24-A8F7-963AD0F85F7A}.Debug|x64.ActiveCfg = Debug|Any CPU
		{C5DAC35E-B902-4E24-A8F7-963AD0F85F7A}.Debug|x64.Build.0 = Debug|Any CPU
		{C5DAC35E-B902-4E24-A8F7-963AD0F85F7A}.Debug|x86.ActiveCfg = Debug|Any CPU
		{C5DAC35E-B902-4E24-A8F7-963AD0F85F7A}.Debug|x86.Build.0 = Debug|Any CPU
		{C5DAC35E-B902-4E24-A8F7-963AD0F85F7A}.Release|Any CPU.ActiveCfg = Release|Any CPU
		{C5DAC35E-B902-4E24-A8F7-963AD0F85F7A}.Release|Any CPU.Build.0 = Release|Any CPU
		{C5DAC35E-B902-4E24-A8F7-963AD0F85F7A}.Release|ARM.ActiveCfg = Release|Any CPU
		{C5DAC35E-B902-4E24-A8F7-963AD0F85F7A}.Release|ARM.Build.0 = Release|Any CPU
		{C5DAC35E-B902-4E24-A8F7-963AD0F85F7A}.Release|x64.ActiveCfg = Release|Any CPU
		{C5DAC35E-B902-4E24-A8F7-963AD0F85F7A}.Release|x64.Build.0 = Release|Any CPU
		{C5DAC35E-B902-4E24-A8F7-963AD0F85F7A}.Release|x86.ActiveCfg = Release|Any CPU
		{C5DAC35E-B902-4E24-A8F7-963AD0F85F7A}.Release|x86.Build.0 = Release|Any CPU
		{4CFBAE12-D17F-49FF-B41D-C861EEB965C4}.Debug|Any CPU.ActiveCfg = Debug|Any CPU
		{4CFBAE12-D17F-49FF-B41D-C861EEB965C4}.Debug|Any CPU.Build.0 = Debug|Any CPU
		{4CFBAE12-D17F-49FF-B41D-C861EEB965C4}.Debug|ARM.ActiveCfg = Debug|Any CPU
		{4CFBAE12-D17F-49FF-B41D-C861EEB965C4}.Debug|ARM.Build.0 = Debug|Any CPU
		{4CFBAE12-D17F-49FF-B41D-C861EEB965C4}.Debug|x64.ActiveCfg = Debug|Any CPU
		{4CFBAE12-D17F-49FF-B41D-C861EEB965C4}.Debug|x64.Build.0 = Debug|Any CPU
		{4CFBAE12-D17F-49FF-B41D-C861EEB965C4}.Debug|x86.ActiveCfg = Debug|Any CPU
		{4CFBAE12-D17F-49FF-B41D-C861EEB965C4}.Debug|x86.Build.0 = Debug|Any CPU
		{4CFBAE12-D17F-49FF-B41D-C861EEB965C4}.Release|Any CPU.ActiveCfg = Release|Any CPU
		{4CFBAE12-D17F-49FF-B41D-C861EEB965C4}.Release|Any CPU.Build.0 = Release|Any CPU
		{4CFBAE12-D17F-49FF-B41D-C861EEB965C4}.Release|ARM.ActiveCfg = Release|Any CPU
		{4CFBAE12-D17F-49FF-B41D-C861EEB965C4}.Release|ARM.Build.0 = Release|Any CPU
		{4CFBAE12-D17F-49FF-B41D-C861EEB965C4}.Release|x64.ActiveCfg = Release|Any CPU
		{4CFBAE12-D17F-49FF-B41D-C861EEB965C4}.Release|x64.Build.0 = Release|Any CPU
		{4CFBAE12-D17F-49FF-B41D-C861EEB965C4}.Release|x86.ActiveCfg = Release|Any CPU
		{4CFBAE12-D17F-49FF-B41D-C861EEB965C4}.Release|x86.Build.0 = Release|Any CPU
		{2F81AF7B-06FC-4163-859A-979F375330FF}.Debug|Any CPU.ActiveCfg = Debug|x86
		{2F81AF7B-06FC-4163-859A-979F375330FF}.Debug|Any CPU.Build.0 = Debug|x86
		{2F81AF7B-06FC-4163-859A-979F375330FF}.Debug|Any CPU.Deploy.0 = Debug|x86
		{2F81AF7B-06FC-4163-859A-979F375330FF}.Debug|ARM.ActiveCfg = Debug|ARM
		{2F81AF7B-06FC-4163-859A-979F375330FF}.Debug|ARM.Build.0 = Debug|ARM
		{2F81AF7B-06FC-4163-859A-979F375330FF}.Debug|ARM.Deploy.0 = Debug|ARM
		{2F81AF7B-06FC-4163-859A-979F375330FF}.Debug|x64.ActiveCfg = Debug|x64
		{2F81AF7B-06FC-4163-859A-979F375330FF}.Debug|x64.Build.0 = Debug|x64
		{2F81AF7B-06FC-4163-859A-979F375330FF}.Debug|x64.Deploy.0 = Debug|x64
		{2F81AF7B-06FC-4163-859A-979F375330FF}.Debug|x86.ActiveCfg = Debug|x86
		{2F81AF7B-06FC-4163-859A-979F375330FF}.Debug|x86.Build.0 = Debug|x86
		{2F81AF7B-06FC-4163-859A-979F375330FF}.Debug|x86.Deploy.0 = Debug|x86
		{2F81AF7B-06FC-4163-859A-979F375330FF}.Release|Any CPU.ActiveCfg = Release|x86
		{2F81AF7B-06FC-4163-859A-979F375330FF}.Release|Any CPU.Build.0 = Release|x86
		{2F81AF7B-06FC-4163-859A-979F375330FF}.Release|Any CPU.Deploy.0 = Release|x86
		{2F81AF7B-06FC-4163-859A-979F375330FF}.Release|ARM.ActiveCfg = Release|ARM
		{2F81AF7B-06FC-4163-859A-979F375330FF}.Release|ARM.Build.0 = Release|ARM
		{2F81AF7B-06FC-4163-859A-979F375330FF}.Release|ARM.Deploy.0 = Release|ARM
		{2F81AF7B-06FC-4163-859A-979F375330FF}.Release|x64.ActiveCfg = Release|x64
		{2F81AF7B-06FC-4163-859A-979F375330FF}.Release|x64.Build.0 = Release|x64
		{2F81AF7B-06FC-4163-859A-979F375330FF}.Release|x64.Deploy.0 = Release|x64
		{2F81AF7B-06FC-4163-859A-979F375330FF}.Release|x86.ActiveCfg = Release|x86
		{2F81AF7B-06FC-4163-859A-979F375330FF}.Release|x86.Build.0 = Release|x86
		{2F81AF7B-06FC-4163-859A-979F375330FF}.Release|x86.Deploy.0 = Release|x86
		{8E7B51FC-8A9B-49F7-A40D-4D12BBF893B6}.Debug|Any CPU.ActiveCfg = Debug|Any CPU
		{8E7B51FC-8A9B-49F7-A40D-4D12BBF893B6}.Debug|Any CPU.Build.0 = Debug|Any CPU
		{8E7B51FC-8A9B-49F7-A40D-4D12BBF893B6}.Debug|ARM.ActiveCfg = Debug|Any CPU
		{8E7B51FC-8A9B-49F7-A40D-4D12BBF893B6}.Debug|ARM.Build.0 = Debug|Any CPU
		{8E7B51FC-8A9B-49F7-A40D-4D12BBF893B6}.Debug|x64.ActiveCfg = Debug|Any CPU
		{8E7B51FC-8A9B-49F7-A40D-4D12BBF893B6}.Debug|x64.Build.0 = Debug|Any CPU
		{8E7B51FC-8A9B-49F7-A40D-4D12BBF893B6}.Debug|x86.ActiveCfg = Debug|Any CPU
		{8E7B51FC-8A9B-49F7-A40D-4D12BBF893B6}.Debug|x86.Build.0 = Debug|Any CPU
		{8E7B51FC-8A9B-49F7-A40D-4D12BBF893B6}.Release|Any CPU.ActiveCfg = Release|Any CPU
		{8E7B51FC-8A9B-49F7-A40D-4D12BBF893B6}.Release|Any CPU.Build.0 = Release|Any CPU
		{8E7B51FC-8A9B-49F7-A40D-4D12BBF893B6}.Release|ARM.ActiveCfg = Release|Any CPU
		{8E7B51FC-8A9B-49F7-A40D-4D12BBF893B6}.Release|ARM.Build.0 = Release|Any CPU
		{8E7B51FC-8A9B-49F7-A40D-4D12BBF893B6}.Release|x64.ActiveCfg = Release|Any CPU
		{8E7B51FC-8A9B-49F7-A40D-4D12BBF893B6}.Release|x64.Build.0 = Release|Any CPU
		{8E7B51FC-8A9B-49F7-A40D-4D12BBF893B6}.Release|x86.ActiveCfg = Release|Any CPU
		{8E7B51FC-8A9B-49F7-A40D-4D12BBF893B6}.Release|x86.Build.0 = Release|Any CPU
		{665362D9-5EE2-45DE-A907-25DC86999A68}.Debug|Any CPU.ActiveCfg = Debug|x86
		{665362D9-5EE2-45DE-A907-25DC86999A68}.Debug|Any CPU.Build.0 = Debug|x86
		{665362D9-5EE2-45DE-A907-25DC86999A68}.Debug|Any CPU.Deploy.0 = Debug|x86
		{665362D9-5EE2-45DE-A907-25DC86999A68}.Debug|ARM.ActiveCfg = Debug|ARM
		{665362D9-5EE2-45DE-A907-25DC86999A68}.Debug|ARM.Build.0 = Debug|ARM
		{665362D9-5EE2-45DE-A907-25DC86999A68}.Debug|ARM.Deploy.0 = Debug|ARM
		{665362D9-5EE2-45DE-A907-25DC86999A68}.Debug|x64.ActiveCfg = Debug|x64
		{665362D9-5EE2-45DE-A907-25DC86999A68}.Debug|x64.Build.0 = Debug|x64
		{665362D9-5EE2-45DE-A907-25DC86999A68}.Debug|x64.Deploy.0 = Debug|x64
		{665362D9-5EE2-45DE-A907-25DC86999A68}.Debug|x86.ActiveCfg = Debug|x86
		{665362D9-5EE2-45DE-A907-25DC86999A68}.Debug|x86.Build.0 = Debug|x86
		{665362D9-5EE2-45DE-A907-25DC86999A68}.Debug|x86.Deploy.0 = Debug|x86
		{665362D9-5EE2-45DE-A907-25DC86999A68}.Release|Any CPU.ActiveCfg = Release|x86
		{665362D9-5EE2-45DE-A907-25DC86999A68}.Release|Any CPU.Build.0 = Release|x86
		{665362D9-5EE2-45DE-A907-25DC86999A68}.Release|Any CPU.Deploy.0 = Release|x86
		{665362D9-5EE2-45DE-A907-25DC86999A68}.Release|ARM.ActiveCfg = Release|ARM
		{665362D9-5EE2-45DE-A907-25DC86999A68}.Release|ARM.Build.0 = Release|ARM
		{665362D9-5EE2-45DE-A907-25DC86999A68}.Release|ARM.Deploy.0 = Release|ARM
		{665362D9-5EE2-45DE-A907-25DC86999A68}.Release|x64.ActiveCfg = Release|x64
		{665362D9-5EE2-45DE-A907-25DC86999A68}.Release|x64.Build.0 = Release|x64
		{665362D9-5EE2-45DE-A907-25DC86999A68}.Release|x64.Deploy.0 = Release|x64
		{665362D9-5EE2-45DE-A907-25DC86999A68}.Release|x86.ActiveCfg = Release|x86
		{665362D9-5EE2-45DE-A907-25DC86999A68}.Release|x86.Build.0 = Release|x86
		{665362D9-5EE2-45DE-A907-25DC86999A68}.Release|x86.Deploy.0 = Release|x86
		{B977BF28-3A1C-4A89-A673-A22EDDC9D23D}.Debug|Any CPU.ActiveCfg = Debug|Win32
		{B977BF28-3A1C-4A89-A673-A22EDDC9D23D}.Debug|Any CPU.Build.0 = Debug|Win32
		{B977BF28-3A1C-4A89-A673-A22EDDC9D23D}.Debug|ARM.ActiveCfg = Debug|ARM
		{B977BF28-3A1C-4A89-A673-A22EDDC9D23D}.Debug|ARM.Build.0 = Debug|ARM
		{B977BF28-3A1C-4A89-A673-A22EDDC9D23D}.Debug|x64.ActiveCfg = Debug|x64
		{B977BF28-3A1C-4A89-A673-A22EDDC9D23D}.Debug|x64.Build.0 = Debug|x64
		{B977BF28-3A1C-4A89-A673-A22EDDC9D23D}.Debug|x86.ActiveCfg = Debug|Win32
		{B977BF28-3A1C-4A89-A673-A22EDDC9D23D}.Debug|x86.Build.0 = Debug|Win32
		{B977BF28-3A1C-4A89-A673-A22EDDC9D23D}.Release|Any CPU.ActiveCfg = Release|Win32
		{B977BF28-3A1C-4A89-A673-A22EDDC9D23D}.Release|Any CPU.Build.0 = Release|Win32
		{B977BF28-3A1C-4A89-A673-A22EDDC9D23D}.Release|ARM.ActiveCfg = Release|ARM
		{B977BF28-3A1C-4A89-A673-A22EDDC9D23D}.Release|ARM.Build.0 = Release|ARM
		{B977BF28-3A1C-4A89-A673-A22EDDC9D23D}.Release|x64.ActiveCfg = Release|x64
		{B977BF28-3A1C-4A89-A673-A22EDDC9D23D}.Release|x64.Build.0 = Release|x64
		{B977BF28-3A1C-4A89-A673-A22EDDC9D23D}.Release|x86.ActiveCfg = Release|Win32
		{B977BF28-3A1C-4A89-A673-A22EDDC9D23D}.Release|x86.Build.0 = Release|Win32
		{41FEBC72-C12B-47E1-B6F6-51D50158C825}.Debug|Any CPU.ActiveCfg = Debug|Any CPU
		{41FEBC72-C12B-47E1-B6F6-51D50158C825}.Debug|Any CPU.Build.0 = Debug|Any CPU
		{41FEBC72-C12B-47E1-B6F6-51D50158C825}.Debug|ARM.ActiveCfg = Debug|Any CPU
		{41FEBC72-C12B-47E1-B6F6-51D50158C825}.Debug|ARM.Build.0 = Debug|Any CPU
		{41FEBC72-C12B-47E1-B6F6-51D50158C825}.Debug|x64.ActiveCfg = Debug|Any CPU
		{41FEBC72-C12B-47E1-B6F6-51D50158C825}.Debug|x64.Build.0 = Debug|Any CPU
		{41FEBC72-C12B-47E1-B6F6-51D50158C825}.Debug|x86.ActiveCfg = Debug|Any CPU
		{41FEBC72-C12B-47E1-B6F6-51D50158C825}.Debug|x86.Build.0 = Debug|Any CPU
		{41FEBC72-C12B-47E1-B6F6-51D50158C825}.Release|Any CPU.ActiveCfg = Release|Any CPU
		{41FEBC72-C12B-47E1-B6F6-51D50158C825}.Release|Any CPU.Build.0 = Release|Any CPU
		{41FEBC72-C12B-47E1-B6F6-51D50158C825}.Release|ARM.ActiveCfg = Release|Any CPU
		{41FEBC72-C12B-47E1-B6F6-51D50158C825}.Release|ARM.Build.0 = Release|Any CPU
		{41FEBC72-C12B-47E1-B6F6-51D50158C825}.Release|x64.ActiveCfg = Release|Any CPU
		{41FEBC72-C12B-47E1-B6F6-51D50158C825}.Release|x64.Build.0 = Release|Any CPU
		{41FEBC72-C12B-47E1-B6F6-51D50158C825}.Release|x86.ActiveCfg = Release|Any CPU
		{41FEBC72-C12B-47E1-B6F6-51D50158C825}.Release|x86.Build.0 = Release|Any CPU
		{6D86EE4F-2871-4DC3-BCA4-A692DBEAE59D}.Debug|Any CPU.ActiveCfg = Debug|x86
		{6D86EE4F-2871-4DC3-BCA4-A692DBEAE59D}.Debug|ARM.ActiveCfg = Debug|ARM
		{6D86EE4F-2871-4DC3-BCA4-A692DBEAE59D}.Debug|ARM.Build.0 = Debug|ARM
		{6D86EE4F-2871-4DC3-BCA4-A692DBEAE59D}.Debug|ARM.Deploy.0 = Debug|ARM
		{6D86EE4F-2871-4DC3-BCA4-A692DBEAE59D}.Debug|x64.ActiveCfg = Debug|x64
		{6D86EE4F-2871-4DC3-BCA4-A692DBEAE59D}.Debug|x64.Build.0 = Debug|x64
		{6D86EE4F-2871-4DC3-BCA4-A692DBEAE59D}.Debug|x64.Deploy.0 = Debug|x64
		{6D86EE4F-2871-4DC3-BCA4-A692DBEAE59D}.Debug|x86.ActiveCfg = Debug|x86
		{6D86EE4F-2871-4DC3-BCA4-A692DBEAE59D}.Debug|x86.Build.0 = Debug|x86
		{6D86EE4F-2871-4DC3-BCA4-A692DBEAE59D}.Debug|x86.Deploy.0 = Debug|x86
		{6D86EE4F-2871-4DC3-BCA4-A692DBEAE59D}.Release|Any CPU.ActiveCfg = Release|x86
		{6D86EE4F-2871-4DC3-BCA4-A692DBEAE59D}.Release|ARM.ActiveCfg = Release|ARM
		{6D86EE4F-2871-4DC3-BCA4-A692DBEAE59D}.Release|ARM.Build.0 = Release|ARM
		{6D86EE4F-2871-4DC3-BCA4-A692DBEAE59D}.Release|ARM.Deploy.0 = Release|ARM
		{6D86EE4F-2871-4DC3-BCA4-A692DBEAE59D}.Release|x64.ActiveCfg = Release|x64
		{6D86EE4F-2871-4DC3-BCA4-A692DBEAE59D}.Release|x64.Build.0 = Release|x64
		{6D86EE4F-2871-4DC3-BCA4-A692DBEAE59D}.Release|x64.Deploy.0 = Release|x64
		{6D86EE4F-2871-4DC3-BCA4-A692DBEAE59D}.Release|x86.ActiveCfg = Release|x86
		{6D86EE4F-2871-4DC3-BCA4-A692DBEAE59D}.Release|x86.Build.0 = Release|x86
		{6D86EE4F-2871-4DC3-BCA4-A692DBEAE59D}.Release|x86.Deploy.0 = Release|x86
		{4845BF78-ED1F-4861-AE0F-30E3970ABAB6}.Debug|Any CPU.ActiveCfg = Debug|x86
		{4845BF78-ED1F-4861-AE0F-30E3970ABAB6}.Debug|ARM.ActiveCfg = Debug|ARM
		{4845BF78-ED1F-4861-AE0F-30E3970ABAB6}.Debug|ARM.Build.0 = Debug|ARM
		{4845BF78-ED1F-4861-AE0F-30E3970ABAB6}.Debug|ARM.Deploy.0 = Debug|ARM
		{4845BF78-ED1F-4861-AE0F-30E3970ABAB6}.Debug|x64.ActiveCfg = Debug|x64
		{4845BF78-ED1F-4861-AE0F-30E3970ABAB6}.Debug|x64.Build.0 = Debug|x64
		{4845BF78-ED1F-4861-AE0F-30E3970ABAB6}.Debug|x64.Deploy.0 = Debug|x64
		{4845BF78-ED1F-4861-AE0F-30E3970ABAB6}.Debug|x86.ActiveCfg = Debug|x86
		{4845BF78-ED1F-4861-AE0F-30E3970ABAB6}.Debug|x86.Build.0 = Debug|x86
		{4845BF78-ED1F-4861-AE0F-30E3970ABAB6}.Debug|x86.Deploy.0 = Debug|x86
		{4845BF78-ED1F-4861-AE0F-30E3970ABAB6}.Release|Any CPU.ActiveCfg = Release|x86
		{4845BF78-ED1F-4861-AE0F-30E3970ABAB6}.Release|ARM.ActiveCfg = Release|ARM
		{4845BF78-ED1F-4861-AE0F-30E3970ABAB6}.Release|ARM.Build.0 = Release|ARM
		{4845BF78-ED1F-4861-AE0F-30E3970ABAB6}.Release|ARM.Deploy.0 = Release|ARM
		{4845BF78-ED1F-4861-AE0F-30E3970ABAB6}.Release|x64.ActiveCfg = Release|x64
		{4845BF78-ED1F-4861-AE0F-30E3970ABAB6}.Release|x64.Build.0 = Release|x64
		{4845BF78-ED1F-4861-AE0F-30E3970ABAB6}.Release|x64.Deploy.0 = Release|x64
		{4845BF78-ED1F-4861-AE0F-30E3970ABAB6}.Release|x86.ActiveCfg = Release|x86
		{4845BF78-ED1F-4861-AE0F-30E3970ABAB6}.Release|x86.Build.0 = Release|x86
		{4845BF78-ED1F-4861-AE0F-30E3970ABAB6}.Release|x86.Deploy.0 = Release|x86
	EndGlobalSection
	GlobalSection(SolutionProperties) = preSolution
		HideSolutionNode = FALSE
	EndGlobalSection
	GlobalSection(NestedProjects) = preSolution
		{A0839AAC-BC4D-4DDE-9ACB-C094BC599C16} = {52B933EB-4C7D-4646-B12B-DF6BBAD7921A}
		{95CACF52-25AA-4C05-B587-2BBF4B5514D1} = {52B933EB-4C7D-4646-B12B-DF6BBAD7921A}
		{A60D537E-41F7-44D6-95C8-5DDB77B07308} = {52B933EB-4C7D-4646-B12B-DF6BBAD7921A}
		{3FE04B97-48DE-4895-8612-ECBDFEBD917C} = {A0839AAC-BC4D-4DDE-9ACB-C094BC599C16}
		{C6C4937C-D5F4-4E00-8B51-8D826AD83C5E} = {A0839AAC-BC4D-4DDE-9ACB-C094BC599C16}
		{15E3FC9B-7714-4468-A296-81627A5B8F01} = {A0839AAC-BC4D-4DDE-9ACB-C094BC599C16}
		{B4E6AD1C-21A0-43A4-BD73-ED9BFC19BE6F} = {A0839AAC-BC4D-4DDE-9ACB-C094BC599C16}
		{0F13E444-717E-460A-BDE7-8AD537F0A418} = {95CACF52-25AA-4C05-B587-2BBF4B5514D1}
		{200073BF-FA7E-42AF-8ED5-AA50BE7C0295} = {95CACF52-25AA-4C05-B587-2BBF4B5514D1}
		{7CE5BF9E-3650-4151-8B54-C1301AA73606} = {95CACF52-25AA-4C05-B587-2BBF4B5514D1}
		{302F0881-77AE-4CCE-ACF4-930AD5D4FB08} = {A60D537E-41F7-44D6-95C8-5DDB77B07308}
		{DB5A0B7D-8090-4A0C-97C7-CDF17AACAAF2} = {A60D537E-41F7-44D6-95C8-5DDB77B07308}
		{2F715D51-643C-4F7F-9EA4-6554D4EECCB2} = {A60D537E-41F7-44D6-95C8-5DDB77B07308}
		{AC1B688C-2519-4C40-9F23-D4021C30E115} = {AA6821F3-930A-49E4-BA3F-D68255F39F1E}
		{92313C69-3BC4-4276-A1C8-100C86183F12} = {AC1B688C-2519-4C40-9F23-D4021C30E115}
		{F2E21B65-DF87-40F0-BB2E-E67E728B86DA} = {AC1B688C-2519-4C40-9F23-D4021C30E115}
		{E52C5D53-4485-4350-9F4E-AFF85CC18FD7} = {BC900C35-E0AD-46D2-BA4A-EF1904820B4A}
		{E76DC547-2B63-4911-971C-767587EBFAB6} = {BC900C35-E0AD-46D2-BA4A-EF1904820B4A}
		{C5DAC35E-B902-4E24-A8F7-963AD0F85F7A} = {BC900C35-E0AD-46D2-BA4A-EF1904820B4A}
		{4CFBAE12-D17F-49FF-B41D-C861EEB965C4} = {BC900C35-E0AD-46D2-BA4A-EF1904820B4A}
		{2F81AF7B-06FC-4163-859A-979F375330FF} = {84BEBC1B-18C9-46F4-821A-49ADFCD97A02}
		{98E19A5F-F553-4414-96FD-FBE4B6221CD5} = {AA6821F3-930A-49E4-BA3F-D68255F39F1E}
		{8E7B51FC-8A9B-49F7-A40D-4D12BBF893B6} = {98E19A5F-F553-4414-96FD-FBE4B6221CD5}
		{665362D9-5EE2-45DE-A907-25DC86999A68} = {98E19A5F-F553-4414-96FD-FBE4B6221CD5}
		{B977BF28-3A1C-4A89-A673-A22EDDC9D23D} = {A0839AAC-BC4D-4DDE-9ACB-C094BC599C16}
		{44E43AB9-E48B-4162-BEAA-2D59651DB6FA} = {52B933EB-4C7D-4646-B12B-DF6BBAD7921A}
		{5AEF073D-7370-41C1-86CD-A61B4DEB9883} = {44E43AB9-E48B-4162-BEAA-2D59651DB6FA}
		{41FEBC72-C12B-47E1-B6F6-51D50158C825} = {44E43AB9-E48B-4162-BEAA-2D59651DB6FA}
		{84BEBC1B-18C9-46F4-821A-49ADFCD97A02} = {AA6821F3-930A-49E4-BA3F-D68255F39F1E}
		{6D86EE4F-2871-4DC3-BCA4-A692DBEAE59D} = {BC900C35-E0AD-46D2-BA4A-EF1904820B4A}
		{4845BF78-ED1F-4861-AE0F-30E3970ABAB6} = {BC900C35-E0AD-46D2-BA4A-EF1904820B4A}
	EndGlobalSection
EndGlobal
