
Microsoft Visual Studio Solution File, Format Version 12.00
# Visual Studio 15
VisualStudioVersion = 15.0.26228.9
MinimumVisualStudioVersion = 10.0.40219.1
Project("{2150E333-8FDC-42A3-9474-1A3956D46DE8}") = "SDK", "SDK", "{8CDD4942-2E48-4CF7-AC99-85718F238455}"
EndProject
Project("{2150E333-8FDC-42A3-9474-1A3956D46DE8}") = "MobileCenter", "MobileCenter", "{13744327-9529-490B-A970-06A1D3144117}"
EndProject
Project("{2150E333-8FDC-42A3-9474-1A3956D46DE8}") = "MobileCenterAnalytics", "MobileCenterAnalytics", "{C4C63221-60D5-412B-92CC-D59A8EA62E23}"
EndProject
Project("{2150E333-8FDC-42A3-9474-1A3956D46DE8}") = "MobileCenterCrashes", "MobileCenterCrashes", "{7FAAA086-4453-4B62-AD9A-2E2ED216E3C4}"
EndProject
Project("{FAE04EC0-301F-11D3-BF4B-00C04F79EFBC}") = "Microsoft.Azure.Mobile", "SDK\MobileCenter\Microsoft.Azure.Mobile\Microsoft.Azure.Mobile.csproj", "{3FE04B97-48DE-4895-8612-ECBDFEBD917C}"
EndProject
Project("{D954291E-2A0B-460D-934E-DC6B0785DB48}") = "Microsoft.Azure.Mobile.Shared", "SDK\MobileCenter\Microsoft.Azure.Mobile.Shared\Microsoft.Azure.Mobile.Shared.shproj", "{C6C4937C-D5F4-4E00-8B51-8D826AD83C5E}"
EndProject
Project("{FAE04EC0-301F-11D3-BF4B-00C04F79EFBC}") = "Microsoft.Azure.Mobile.Analytics", "SDK\MobileCenterAnalytics\Microsoft.Azure.Mobile.Analytics\Microsoft.Azure.Mobile.Analytics.csproj", "{0F13E444-717E-460A-BDE7-8AD537F0A418}"
EndProject
Project("{FAE04EC0-301F-11D3-BF4B-00C04F79EFBC}") = "Microsoft.Azure.Mobile.Crashes", "SDK\MobileCenterCrashes\Microsoft.Azure.Mobile.Crashes\Microsoft.Azure.Mobile.Crashes.csproj", "{302F0881-77AE-4CCE-ACF4-930AD5D4FB08}"
EndProject
Project("{D954291E-2A0B-460D-934E-DC6B0785DB48}") = "Microsoft.Azure.Mobile.Crashes.Shared", "SDK\MobileCenterCrashes\Microsoft.Azure.Mobile.Crashes.Shared\Microsoft.Azure.Mobile.Crashes.Shared.shproj", "{DB5A0B7D-8090-4A0C-97C7-CDF17AACAAF2}"
EndProject
Project("{2150E333-8FDC-42A3-9474-1A3956D46DE8}") = "MobileCenterDistribute", "MobileCenterDistribute", "{05D82897-7013-4466-8CB2-447FF1E47D8D}"
EndProject
Project("{D954291E-2A0B-460D-934E-DC6B0785DB48}") = "Microsoft.Azure.Mobile.Distribute.Shared", "SDK\MobileCenterDistribute\Microsoft.Azure.Mobile.Distribute.Shared\Microsoft.Azure.Mobile.Distribute.Shared.shproj", "{5AEF073D-7370-41C1-86CD-A61B4DEB9883}"
EndProject
Project("{FAE04EC0-301F-11D3-BF4B-00C04F79EFBC}") = "Microsoft.Azure.Mobile.Distribute", "SDK\MobileCenterDistribute\Microsoft.Azure.Mobile.Distribute\Microsoft.Azure.Mobile.Distribute.csproj", "{41FEBC72-C12B-47E1-B6F6-51D50158C825}"
EndProject
Global
	GlobalSection(SharedMSBuildProjectFiles) = preSolution
		SDK\MobileCenterCrashes\Microsoft.Azure.Mobile.Crashes.Shared\Microsoft.Azure.Mobile.Crashes.Shared.projitems*{302f0881-77ae-4cce-acf4-930ad5d4fb08}*SharedItemsImports = 4
		SDK\MobileCenter\Microsoft.Azure.Mobile.Shared\Microsoft.Azure.Mobile.Shared.projitems*{3fe04b97-48de-4895-8612-ecbdfebd917c}*SharedItemsImports = 4
		SDK\MobileCenter\Microsoft.Azure.Mobile.Shared\Microsoft.Azure.Mobile.Shared.projitems*{c6c4937c-d5f4-4e00-8b51-8d826ad83c5e}*SharedItemsImports = 13
		SDK\MobileCenterCrashes\Microsoft.Azure.Mobile.Crashes.Shared\Microsoft.Azure.Mobile.Crashes.Shared.projitems*{db5a0b7d-8090-4a0c-97c7-cdf17aacaaf2}*SharedItemsImports = 13
	EndGlobalSection
	GlobalSection(SolutionConfigurationPlatforms) = preSolution
		Ad-Hoc|Any CPU = Ad-Hoc|Any CPU
		Ad-Hoc|ARM = Ad-Hoc|ARM
		Ad-Hoc|iPhone = Ad-Hoc|iPhone
		Ad-Hoc|iPhoneSimulator = Ad-Hoc|iPhoneSimulator
		Ad-Hoc|x64 = Ad-Hoc|x64
		Ad-Hoc|x86 = Ad-Hoc|x86
		AppStore|Any CPU = AppStore|Any CPU
		AppStore|ARM = AppStore|ARM
		AppStore|iPhone = AppStore|iPhone
		AppStore|iPhoneSimulator = AppStore|iPhoneSimulator
		AppStore|x64 = AppStore|x64
		AppStore|x86 = AppStore|x86
		Debug|Any CPU = Debug|Any CPU
		Debug|ARM = Debug|ARM
		Debug|iPhone = Debug|iPhone
		Debug|iPhoneSimulator = Debug|iPhoneSimulator
		Debug|x64 = Debug|x64
		Debug|x86 = Debug|x86
		Release|Any CPU = Release|Any CPU
		Release|ARM = Release|ARM
		Release|iPhone = Release|iPhone
		Release|iPhoneSimulator = Release|iPhoneSimulator
		Release|x64 = Release|x64
		Release|x86 = Release|x86
	EndGlobalSection
	GlobalSection(ProjectConfigurationPlatforms) = postSolution
		{3FE04B97-48DE-4895-8612-ECBDFEBD917C}.Ad-Hoc|Any CPU.ActiveCfg = Debug|Any CPU
		{3FE04B97-48DE-4895-8612-ECBDFEBD917C}.Ad-Hoc|Any CPU.Build.0 = Debug|Any CPU
		{3FE04B97-48DE-4895-8612-ECBDFEBD917C}.Ad-Hoc|ARM.ActiveCfg = Debug|Any CPU
		{3FE04B97-48DE-4895-8612-ECBDFEBD917C}.Ad-Hoc|ARM.Build.0 = Debug|Any CPU
		{3FE04B97-48DE-4895-8612-ECBDFEBD917C}.Ad-Hoc|iPhone.ActiveCfg = Debug|Any CPU
		{3FE04B97-48DE-4895-8612-ECBDFEBD917C}.Ad-Hoc|iPhone.Build.0 = Debug|Any CPU
		{3FE04B97-48DE-4895-8612-ECBDFEBD917C}.Ad-Hoc|iPhoneSimulator.ActiveCfg = Debug|Any CPU
		{3FE04B97-48DE-4895-8612-ECBDFEBD917C}.Ad-Hoc|iPhoneSimulator.Build.0 = Debug|Any CPU
		{3FE04B97-48DE-4895-8612-ECBDFEBD917C}.Ad-Hoc|x64.ActiveCfg = Debug|Any CPU
		{3FE04B97-48DE-4895-8612-ECBDFEBD917C}.Ad-Hoc|x64.Build.0 = Debug|Any CPU
		{3FE04B97-48DE-4895-8612-ECBDFEBD917C}.Ad-Hoc|x86.ActiveCfg = Debug|Any CPU
		{3FE04B97-48DE-4895-8612-ECBDFEBD917C}.Ad-Hoc|x86.Build.0 = Debug|Any CPU
		{3FE04B97-48DE-4895-8612-ECBDFEBD917C}.AppStore|Any CPU.ActiveCfg = Debug|Any CPU
		{3FE04B97-48DE-4895-8612-ECBDFEBD917C}.AppStore|Any CPU.Build.0 = Debug|Any CPU
		{3FE04B97-48DE-4895-8612-ECBDFEBD917C}.AppStore|ARM.ActiveCfg = Debug|Any CPU
		{3FE04B97-48DE-4895-8612-ECBDFEBD917C}.AppStore|ARM.Build.0 = Debug|Any CPU
		{3FE04B97-48DE-4895-8612-ECBDFEBD917C}.AppStore|iPhone.ActiveCfg = Debug|Any CPU
		{3FE04B97-48DE-4895-8612-ECBDFEBD917C}.AppStore|iPhone.Build.0 = Debug|Any CPU
		{3FE04B97-48DE-4895-8612-ECBDFEBD917C}.AppStore|iPhoneSimulator.ActiveCfg = Debug|Any CPU
		{3FE04B97-48DE-4895-8612-ECBDFEBD917C}.AppStore|iPhoneSimulator.Build.0 = Debug|Any CPU
		{3FE04B97-48DE-4895-8612-ECBDFEBD917C}.AppStore|x64.ActiveCfg = Debug|Any CPU
		{3FE04B97-48DE-4895-8612-ECBDFEBD917C}.AppStore|x64.Build.0 = Debug|Any CPU
		{3FE04B97-48DE-4895-8612-ECBDFEBD917C}.AppStore|x86.ActiveCfg = Debug|Any CPU
		{3FE04B97-48DE-4895-8612-ECBDFEBD917C}.AppStore|x86.Build.0 = Debug|Any CPU
		{3FE04B97-48DE-4895-8612-ECBDFEBD917C}.Debug|Any CPU.ActiveCfg = Debug|Any CPU
		{3FE04B97-48DE-4895-8612-ECBDFEBD917C}.Debug|Any CPU.Build.0 = Debug|Any CPU
		{3FE04B97-48DE-4895-8612-ECBDFEBD917C}.Debug|ARM.ActiveCfg = Debug|Any CPU
		{3FE04B97-48DE-4895-8612-ECBDFEBD917C}.Debug|ARM.Build.0 = Debug|Any CPU
		{3FE04B97-48DE-4895-8612-ECBDFEBD917C}.Debug|iPhone.ActiveCfg = Debug|Any CPU
		{3FE04B97-48DE-4895-8612-ECBDFEBD917C}.Debug|iPhone.Build.0 = Debug|Any CPU
		{3FE04B97-48DE-4895-8612-ECBDFEBD917C}.Debug|iPhoneSimulator.ActiveCfg = Debug|Any CPU
		{3FE04B97-48DE-4895-8612-ECBDFEBD917C}.Debug|iPhoneSimulator.Build.0 = Debug|Any CPU
		{3FE04B97-48DE-4895-8612-ECBDFEBD917C}.Debug|x64.ActiveCfg = Debug|Any CPU
		{3FE04B97-48DE-4895-8612-ECBDFEBD917C}.Debug|x64.Build.0 = Debug|Any CPU
		{3FE04B97-48DE-4895-8612-ECBDFEBD917C}.Debug|x86.ActiveCfg = Debug|Any CPU
		{3FE04B97-48DE-4895-8612-ECBDFEBD917C}.Debug|x86.Build.0 = Debug|Any CPU
		{3FE04B97-48DE-4895-8612-ECBDFEBD917C}.Release|Any CPU.ActiveCfg = Release|Any CPU
		{3FE04B97-48DE-4895-8612-ECBDFEBD917C}.Release|Any CPU.Build.0 = Release|Any CPU
		{3FE04B97-48DE-4895-8612-ECBDFEBD917C}.Release|ARM.ActiveCfg = Release|Any CPU
		{3FE04B97-48DE-4895-8612-ECBDFEBD917C}.Release|ARM.Build.0 = Release|Any CPU
		{3FE04B97-48DE-4895-8612-ECBDFEBD917C}.Release|iPhone.ActiveCfg = Release|Any CPU
		{3FE04B97-48DE-4895-8612-ECBDFEBD917C}.Release|iPhone.Build.0 = Release|Any CPU
		{3FE04B97-48DE-4895-8612-ECBDFEBD917C}.Release|iPhoneSimulator.ActiveCfg = Release|Any CPU
		{3FE04B97-48DE-4895-8612-ECBDFEBD917C}.Release|iPhoneSimulator.Build.0 = Release|Any CPU
		{3FE04B97-48DE-4895-8612-ECBDFEBD917C}.Release|x64.ActiveCfg = Release|Any CPU
		{3FE04B97-48DE-4895-8612-ECBDFEBD917C}.Release|x64.Build.0 = Release|Any CPU
		{3FE04B97-48DE-4895-8612-ECBDFEBD917C}.Release|x86.ActiveCfg = Release|Any CPU
		{3FE04B97-48DE-4895-8612-ECBDFEBD917C}.Release|x86.Build.0 = Release|Any CPU
		{0F13E444-717E-460A-BDE7-8AD537F0A418}.Ad-Hoc|Any CPU.ActiveCfg = Debug|Any CPU
		{0F13E444-717E-460A-BDE7-8AD537F0A418}.Ad-Hoc|Any CPU.Build.0 = Debug|Any CPU
		{0F13E444-717E-460A-BDE7-8AD537F0A418}.Ad-Hoc|ARM.ActiveCfg = Debug|Any CPU
		{0F13E444-717E-460A-BDE7-8AD537F0A418}.Ad-Hoc|ARM.Build.0 = Debug|Any CPU
		{0F13E444-717E-460A-BDE7-8AD537F0A418}.Ad-Hoc|iPhone.ActiveCfg = Debug|Any CPU
		{0F13E444-717E-460A-BDE7-8AD537F0A418}.Ad-Hoc|iPhone.Build.0 = Debug|Any CPU
		{0F13E444-717E-460A-BDE7-8AD537F0A418}.Ad-Hoc|iPhoneSimulator.ActiveCfg = Debug|Any CPU
		{0F13E444-717E-460A-BDE7-8AD537F0A418}.Ad-Hoc|iPhoneSimulator.Build.0 = Debug|Any CPU
		{0F13E444-717E-460A-BDE7-8AD537F0A418}.Ad-Hoc|x64.ActiveCfg = Debug|Any CPU
		{0F13E444-717E-460A-BDE7-8AD537F0A418}.Ad-Hoc|x64.Build.0 = Debug|Any CPU
		{0F13E444-717E-460A-BDE7-8AD537F0A418}.Ad-Hoc|x86.ActiveCfg = Debug|Any CPU
		{0F13E444-717E-460A-BDE7-8AD537F0A418}.Ad-Hoc|x86.Build.0 = Debug|Any CPU
		{0F13E444-717E-460A-BDE7-8AD537F0A418}.AppStore|Any CPU.ActiveCfg = Debug|Any CPU
		{0F13E444-717E-460A-BDE7-8AD537F0A418}.AppStore|Any CPU.Build.0 = Debug|Any CPU
		{0F13E444-717E-460A-BDE7-8AD537F0A418}.AppStore|ARM.ActiveCfg = Debug|Any CPU
		{0F13E444-717E-460A-BDE7-8AD537F0A418}.AppStore|ARM.Build.0 = Debug|Any CPU
		{0F13E444-717E-460A-BDE7-8AD537F0A418}.AppStore|iPhone.ActiveCfg = Debug|Any CPU
		{0F13E444-717E-460A-BDE7-8AD537F0A418}.AppStore|iPhone.Build.0 = Debug|Any CPU
		{0F13E444-717E-460A-BDE7-8AD537F0A418}.AppStore|iPhoneSimulator.ActiveCfg = Debug|Any CPU
		{0F13E444-717E-460A-BDE7-8AD537F0A418}.AppStore|iPhoneSimulator.Build.0 = Debug|Any CPU
		{0F13E444-717E-460A-BDE7-8AD537F0A418}.AppStore|x64.ActiveCfg = Debug|Any CPU
		{0F13E444-717E-460A-BDE7-8AD537F0A418}.AppStore|x64.Build.0 = Debug|Any CPU
		{0F13E444-717E-460A-BDE7-8AD537F0A418}.AppStore|x86.ActiveCfg = Debug|Any CPU
		{0F13E444-717E-460A-BDE7-8AD537F0A418}.AppStore|x86.Build.0 = Debug|Any CPU
		{0F13E444-717E-460A-BDE7-8AD537F0A418}.Debug|Any CPU.ActiveCfg = Debug|Any CPU
		{0F13E444-717E-460A-BDE7-8AD537F0A418}.Debug|Any CPU.Build.0 = Debug|Any CPU
		{0F13E444-717E-460A-BDE7-8AD537F0A418}.Debug|ARM.ActiveCfg = Debug|Any CPU
		{0F13E444-717E-460A-BDE7-8AD537F0A418}.Debug|ARM.Build.0 = Debug|Any CPU
		{0F13E444-717E-460A-BDE7-8AD537F0A418}.Debug|iPhone.ActiveCfg = Debug|Any CPU
		{0F13E444-717E-460A-BDE7-8AD537F0A418}.Debug|iPhone.Build.0 = Debug|Any CPU
		{0F13E444-717E-460A-BDE7-8AD537F0A418}.Debug|iPhoneSimulator.ActiveCfg = Debug|Any CPU
		{0F13E444-717E-460A-BDE7-8AD537F0A418}.Debug|iPhoneSimulator.Build.0 = Debug|Any CPU
		{0F13E444-717E-460A-BDE7-8AD537F0A418}.Debug|x64.ActiveCfg = Debug|Any CPU
		{0F13E444-717E-460A-BDE7-8AD537F0A418}.Debug|x64.Build.0 = Debug|Any CPU
		{0F13E444-717E-460A-BDE7-8AD537F0A418}.Debug|x86.ActiveCfg = Debug|Any CPU
		{0F13E444-717E-460A-BDE7-8AD537F0A418}.Debug|x86.Build.0 = Debug|Any CPU
		{0F13E444-717E-460A-BDE7-8AD537F0A418}.Release|Any CPU.ActiveCfg = Release|Any CPU
		{0F13E444-717E-460A-BDE7-8AD537F0A418}.Release|Any CPU.Build.0 = Release|Any CPU
		{0F13E444-717E-460A-BDE7-8AD537F0A418}.Release|ARM.ActiveCfg = Release|Any CPU
		{0F13E444-717E-460A-BDE7-8AD537F0A418}.Release|ARM.Build.0 = Release|Any CPU
		{0F13E444-717E-460A-BDE7-8AD537F0A418}.Release|iPhone.ActiveCfg = Release|Any CPU
		{0F13E444-717E-460A-BDE7-8AD537F0A418}.Release|iPhone.Build.0 = Release|Any CPU
		{0F13E444-717E-460A-BDE7-8AD537F0A418}.Release|iPhoneSimulator.ActiveCfg = Release|Any CPU
		{0F13E444-717E-460A-BDE7-8AD537F0A418}.Release|iPhoneSimulator.Build.0 = Release|Any CPU
		{0F13E444-717E-460A-BDE7-8AD537F0A418}.Release|x64.ActiveCfg = Release|Any CPU
		{0F13E444-717E-460A-BDE7-8AD537F0A418}.Release|x64.Build.0 = Release|Any CPU
		{0F13E444-717E-460A-BDE7-8AD537F0A418}.Release|x86.ActiveCfg = Release|Any CPU
		{0F13E444-717E-460A-BDE7-8AD537F0A418}.Release|x86.Build.0 = Release|Any CPU
		{302F0881-77AE-4CCE-ACF4-930AD5D4FB08}.Ad-Hoc|Any CPU.ActiveCfg = Debug|Any CPU
		{302F0881-77AE-4CCE-ACF4-930AD5D4FB08}.Ad-Hoc|Any CPU.Build.0 = Debug|Any CPU
		{302F0881-77AE-4CCE-ACF4-930AD5D4FB08}.Ad-Hoc|ARM.ActiveCfg = Debug|Any CPU
		{302F0881-77AE-4CCE-ACF4-930AD5D4FB08}.Ad-Hoc|ARM.Build.0 = Debug|Any CPU
		{302F0881-77AE-4CCE-ACF4-930AD5D4FB08}.Ad-Hoc|iPhone.ActiveCfg = Debug|Any CPU
		{302F0881-77AE-4CCE-ACF4-930AD5D4FB08}.Ad-Hoc|iPhone.Build.0 = Debug|Any CPU
		{302F0881-77AE-4CCE-ACF4-930AD5D4FB08}.Ad-Hoc|iPhoneSimulator.ActiveCfg = Debug|Any CPU
		{302F0881-77AE-4CCE-ACF4-930AD5D4FB08}.Ad-Hoc|iPhoneSimulator.Build.0 = Debug|Any CPU
		{302F0881-77AE-4CCE-ACF4-930AD5D4FB08}.Ad-Hoc|x64.ActiveCfg = Debug|Any CPU
		{302F0881-77AE-4CCE-ACF4-930AD5D4FB08}.Ad-Hoc|x64.Build.0 = Debug|Any CPU
		{302F0881-77AE-4CCE-ACF4-930AD5D4FB08}.Ad-Hoc|x86.ActiveCfg = Debug|Any CPU
		{302F0881-77AE-4CCE-ACF4-930AD5D4FB08}.Ad-Hoc|x86.Build.0 = Debug|Any CPU
		{302F0881-77AE-4CCE-ACF4-930AD5D4FB08}.AppStore|Any CPU.ActiveCfg = Debug|Any CPU
		{302F0881-77AE-4CCE-ACF4-930AD5D4FB08}.AppStore|Any CPU.Build.0 = Debug|Any CPU
		{302F0881-77AE-4CCE-ACF4-930AD5D4FB08}.AppStore|ARM.ActiveCfg = Debug|Any CPU
		{302F0881-77AE-4CCE-ACF4-930AD5D4FB08}.AppStore|ARM.Build.0 = Debug|Any CPU
		{302F0881-77AE-4CCE-ACF4-930AD5D4FB08}.AppStore|iPhone.ActiveCfg = Debug|Any CPU
		{302F0881-77AE-4CCE-ACF4-930AD5D4FB08}.AppStore|iPhone.Build.0 = Debug|Any CPU
		{302F0881-77AE-4CCE-ACF4-930AD5D4FB08}.AppStore|iPhoneSimulator.ActiveCfg = Debug|Any CPU
		{302F0881-77AE-4CCE-ACF4-930AD5D4FB08}.AppStore|iPhoneSimulator.Build.0 = Debug|Any CPU
		{302F0881-77AE-4CCE-ACF4-930AD5D4FB08}.AppStore|x64.ActiveCfg = Debug|Any CPU
		{302F0881-77AE-4CCE-ACF4-930AD5D4FB08}.AppStore|x64.Build.0 = Debug|Any CPU
		{302F0881-77AE-4CCE-ACF4-930AD5D4FB08}.AppStore|x86.ActiveCfg = Debug|Any CPU
		{302F0881-77AE-4CCE-ACF4-930AD5D4FB08}.AppStore|x86.Build.0 = Debug|Any CPU
		{302F0881-77AE-4CCE-ACF4-930AD5D4FB08}.Debug|Any CPU.ActiveCfg = Debug|Any CPU
		{302F0881-77AE-4CCE-ACF4-930AD5D4FB08}.Debug|Any CPU.Build.0 = Debug|Any CPU
		{302F0881-77AE-4CCE-ACF4-930AD5D4FB08}.Debug|ARM.ActiveCfg = Debug|Any CPU
		{302F0881-77AE-4CCE-ACF4-930AD5D4FB08}.Debug|ARM.Build.0 = Debug|Any CPU
		{302F0881-77AE-4CCE-ACF4-930AD5D4FB08}.Debug|iPhone.ActiveCfg = Debug|Any CPU
		{302F0881-77AE-4CCE-ACF4-930AD5D4FB08}.Debug|iPhone.Build.0 = Debug|Any CPU
		{302F0881-77AE-4CCE-ACF4-930AD5D4FB08}.Debug|iPhoneSimulator.ActiveCfg = Debug|Any CPU
		{302F0881-77AE-4CCE-ACF4-930AD5D4FB08}.Debug|iPhoneSimulator.Build.0 = Debug|Any CPU
		{302F0881-77AE-4CCE-ACF4-930AD5D4FB08}.Debug|x64.ActiveCfg = Debug|Any CPU
		{302F0881-77AE-4CCE-ACF4-930AD5D4FB08}.Debug|x64.Build.0 = Debug|Any CPU
		{302F0881-77AE-4CCE-ACF4-930AD5D4FB08}.Debug|x86.ActiveCfg = Debug|Any CPU
		{302F0881-77AE-4CCE-ACF4-930AD5D4FB08}.Debug|x86.Build.0 = Debug|Any CPU
		{302F0881-77AE-4CCE-ACF4-930AD5D4FB08}.Release|Any CPU.ActiveCfg = Release|Any CPU
		{302F0881-77AE-4CCE-ACF4-930AD5D4FB08}.Release|Any CPU.Build.0 = Release|Any CPU
		{302F0881-77AE-4CCE-ACF4-930AD5D4FB08}.Release|ARM.ActiveCfg = Release|Any CPU
		{302F0881-77AE-4CCE-ACF4-930AD5D4FB08}.Release|ARM.Build.0 = Release|Any CPU
		{302F0881-77AE-4CCE-ACF4-930AD5D4FB08}.Release|iPhone.ActiveCfg = Release|Any CPU
		{302F0881-77AE-4CCE-ACF4-930AD5D4FB08}.Release|iPhone.Build.0 = Release|Any CPU
		{302F0881-77AE-4CCE-ACF4-930AD5D4FB08}.Release|iPhoneSimulator.ActiveCfg = Release|Any CPU
		{302F0881-77AE-4CCE-ACF4-930AD5D4FB08}.Release|iPhoneSimulator.Build.0 = Release|Any CPU
		{302F0881-77AE-4CCE-ACF4-930AD5D4FB08}.Release|x64.ActiveCfg = Release|Any CPU
		{302F0881-77AE-4CCE-ACF4-930AD5D4FB08}.Release|x64.Build.0 = Release|Any CPU
		{302F0881-77AE-4CCE-ACF4-930AD5D4FB08}.Release|x86.ActiveCfg = Release|Any CPU
		{302F0881-77AE-4CCE-ACF4-930AD5D4FB08}.Release|x86.Build.0 = Release|Any CPU
		{41FEBC72-C12B-47E1-B6F6-51D50158C825}.Ad-Hoc|Any CPU.ActiveCfg = Debug|Any CPU
		{41FEBC72-C12B-47E1-B6F6-51D50158C825}.Ad-Hoc|Any CPU.Build.0 = Debug|Any CPU
		{41FEBC72-C12B-47E1-B6F6-51D50158C825}.Ad-Hoc|ARM.ActiveCfg = Debug|Any CPU
		{41FEBC72-C12B-47E1-B6F6-51D50158C825}.Ad-Hoc|ARM.Build.0 = Debug|Any CPU
		{41FEBC72-C12B-47E1-B6F6-51D50158C825}.Ad-Hoc|iPhone.ActiveCfg = Debug|Any CPU
		{41FEBC72-C12B-47E1-B6F6-51D50158C825}.Ad-Hoc|iPhone.Build.0 = Debug|Any CPU
		{41FEBC72-C12B-47E1-B6F6-51D50158C825}.Ad-Hoc|iPhoneSimulator.ActiveCfg = Debug|Any CPU
		{41FEBC72-C12B-47E1-B6F6-51D50158C825}.Ad-Hoc|iPhoneSimulator.Build.0 = Debug|Any CPU
		{41FEBC72-C12B-47E1-B6F6-51D50158C825}.Ad-Hoc|x64.ActiveCfg = Debug|Any CPU
		{41FEBC72-C12B-47E1-B6F6-51D50158C825}.Ad-Hoc|x64.Build.0 = Debug|Any CPU
		{41FEBC72-C12B-47E1-B6F6-51D50158C825}.Ad-Hoc|x86.ActiveCfg = Debug|Any CPU
		{41FEBC72-C12B-47E1-B6F6-51D50158C825}.Ad-Hoc|x86.Build.0 = Debug|Any CPU
		{41FEBC72-C12B-47E1-B6F6-51D50158C825}.AppStore|Any CPU.ActiveCfg = Debug|Any CPU
		{41FEBC72-C12B-47E1-B6F6-51D50158C825}.AppStore|Any CPU.Build.0 = Debug|Any CPU
		{41FEBC72-C12B-47E1-B6F6-51D50158C825}.AppStore|ARM.ActiveCfg = Debug|Any CPU
		{41FEBC72-C12B-47E1-B6F6-51D50158C825}.AppStore|ARM.Build.0 = Debug|Any CPU
		{41FEBC72-C12B-47E1-B6F6-51D50158C825}.AppStore|iPhone.ActiveCfg = Debug|Any CPU
		{41FEBC72-C12B-47E1-B6F6-51D50158C825}.AppStore|iPhone.Build.0 = Debug|Any CPU
		{41FEBC72-C12B-47E1-B6F6-51D50158C825}.AppStore|iPhoneSimulator.ActiveCfg = Debug|Any CPU
		{41FEBC72-C12B-47E1-B6F6-51D50158C825}.AppStore|iPhoneSimulator.Build.0 = Debug|Any CPU
		{41FEBC72-C12B-47E1-B6F6-51D50158C825}.AppStore|x64.ActiveCfg = Debug|Any CPU
		{41FEBC72-C12B-47E1-B6F6-51D50158C825}.AppStore|x64.Build.0 = Debug|Any CPU
		{41FEBC72-C12B-47E1-B6F6-51D50158C825}.AppStore|x86.ActiveCfg = Debug|Any CPU
		{41FEBC72-C12B-47E1-B6F6-51D50158C825}.AppStore|x86.Build.0 = Debug|Any CPU
		{41FEBC72-C12B-47E1-B6F6-51D50158C825}.Debug|Any CPU.ActiveCfg = Debug|Any CPU
		{41FEBC72-C12B-47E1-B6F6-51D50158C825}.Debug|Any CPU.Build.0 = Debug|Any CPU
		{41FEBC72-C12B-47E1-B6F6-51D50158C825}.Debug|ARM.ActiveCfg = Debug|Any CPU
		{41FEBC72-C12B-47E1-B6F6-51D50158C825}.Debug|ARM.Build.0 = Debug|Any CPU
		{41FEBC72-C12B-47E1-B6F6-51D50158C825}.Debug|iPhone.ActiveCfg = Debug|Any CPU
		{41FEBC72-C12B-47E1-B6F6-51D50158C825}.Debug|iPhone.Build.0 = Debug|Any CPU
		{41FEBC72-C12B-47E1-B6F6-51D50158C825}.Debug|iPhoneSimulator.ActiveCfg = Debug|Any CPU
		{41FEBC72-C12B-47E1-B6F6-51D50158C825}.Debug|iPhoneSimulator.Build.0 = Debug|Any CPU
		{41FEBC72-C12B-47E1-B6F6-51D50158C825}.Debug|x64.ActiveCfg = Debug|Any CPU
		{41FEBC72-C12B-47E1-B6F6-51D50158C825}.Debug|x64.Build.0 = Debug|Any CPU
		{41FEBC72-C12B-47E1-B6F6-51D50158C825}.Debug|x86.ActiveCfg = Debug|Any CPU
		{41FEBC72-C12B-47E1-B6F6-51D50158C825}.Debug|x86.Build.0 = Debug|Any CPU
		{41FEBC72-C12B-47E1-B6F6-51D50158C825}.Release|Any CPU.ActiveCfg = Release|Any CPU
		{41FEBC72-C12B-47E1-B6F6-51D50158C825}.Release|Any CPU.Build.0 = Release|Any CPU
		{41FEBC72-C12B-47E1-B6F6-51D50158C825}.Release|ARM.ActiveCfg = Release|Any CPU
		{41FEBC72-C12B-47E1-B6F6-51D50158C825}.Release|ARM.Build.0 = Release|Any CPU
		{41FEBC72-C12B-47E1-B6F6-51D50158C825}.Release|iPhone.ActiveCfg = Release|Any CPU
		{41FEBC72-C12B-47E1-B6F6-51D50158C825}.Release|iPhone.Build.0 = Release|Any CPU
		{41FEBC72-C12B-47E1-B6F6-51D50158C825}.Release|iPhoneSimulator.ActiveCfg = Release|Any CPU
		{41FEBC72-C12B-47E1-B6F6-51D50158C825}.Release|iPhoneSimulator.Build.0 = Release|Any CPU
		{41FEBC72-C12B-47E1-B6F6-51D50158C825}.Release|x64.ActiveCfg = Release|Any CPU
		{41FEBC72-C12B-47E1-B6F6-51D50158C825}.Release|x64.Build.0 = Release|Any CPU
		{41FEBC72-C12B-47E1-B6F6-51D50158C825}.Release|x86.ActiveCfg = Release|Any CPU
		{41FEBC72-C12B-47E1-B6F6-51D50158C825}.Release|x86.Build.0 = Release|Any CPU
	EndGlobalSection
	GlobalSection(SolutionProperties) = preSolution
		HideSolutionNode = FALSE
	EndGlobalSection
	GlobalSection(NestedProjects) = preSolution
		{13744327-9529-490B-A970-06A1D3144117} = {8CDD4942-2E48-4CF7-AC99-85718F238455}
		{C4C63221-60D5-412B-92CC-D59A8EA62E23} = {8CDD4942-2E48-4CF7-AC99-85718F238455}
		{7FAAA086-4453-4B62-AD9A-2E2ED216E3C4} = {8CDD4942-2E48-4CF7-AC99-85718F238455}
		{3FE04B97-48DE-4895-8612-ECBDFEBD917C} = {13744327-9529-490B-A970-06A1D3144117}
		{C6C4937C-D5F4-4E00-8B51-8D826AD83C5E} = {13744327-9529-490B-A970-06A1D3144117}
		{0F13E444-717E-460A-BDE7-8AD537F0A418} = {C4C63221-60D5-412B-92CC-D59A8EA62E23}
		{302F0881-77AE-4CCE-ACF4-930AD5D4FB08} = {7FAAA086-4453-4B62-AD9A-2E2ED216E3C4}
		{DB5A0B7D-8090-4A0C-97C7-CDF17AACAAF2} = {7FAAA086-4453-4B62-AD9A-2E2ED216E3C4}
		{05D82897-7013-4466-8CB2-447FF1E47D8D} = {8CDD4942-2E48-4CF7-AC99-85718F238455}
		{5AEF073D-7370-41C1-86CD-A61B4DEB9883} = {05D82897-7013-4466-8CB2-447FF1E47D8D}
		{41FEBC72-C12B-47E1-B6F6-51D50158C825} = {05D82897-7013-4466-8CB2-447FF1E47D8D}
	EndGlobalSection
	GlobalSection(MonoDevelopProperties) = preSolution
		Policies = $0
		$0.TextStylePolicy = $1
		$1.inheritsSet = VisualStudio
		$1.scope = text/plain
		$1.FileWidth = 120
		$1.inheritsScope = text/plain
		$0.CSharpFormattingPolicy = $2
		$2.IndentSwitchSection = True
		$2.NewLinesForBracesInProperties = True
		$2.NewLinesForBracesInAccessors = True
		$2.NewLinesForBracesInAnonymousMethods = True
		$2.NewLinesForBracesInControlBlocks = True
		$2.NewLinesForBracesInAnonymousTypes = True
		$2.NewLinesForBracesInObjectCollectionArrayInitializers = True
		$2.NewLinesForBracesInLambdaExpressionBody = True
		$2.NewLineForElse = True
		$2.NewLineForCatch = True
		$2.NewLineForFinally = True
		$2.NewLineForMembersInObjectInit = True
		$2.NewLineForMembersInAnonymousTypes = True
		$2.NewLineForClausesInQuery = True
		$2.SpacingAfterMethodDeclarationName = False
		$2.SpaceAfterMethodCallName = False
		$2.SpaceBeforeOpenSquareBracket = False
		$2.inheritsSet = Mono
		$2.inheritsScope = text/x-csharp
		$2.scope = text/x-csharp
	EndGlobalSection
EndGlobal
