PODS:
  - MobileCenter (0.4.1):
    - MobileCenter/MobileCenterAnalytics (= 0.4.1)
    - MobileCenter/MobileCenterCrashes (= 0.4.1)
  - MobileCenter/MobileCenter (0.4.1)
  - MobileCenter/MobileCenterAnalytics (0.4.1):
    - MobileCenter/MobileCenter
  - MobileCenter/MobileCenterCrashes (0.4.1):
    - MobileCenter/MobileCenter
  - RNMobileCenter (0.2.0):
    - MobileCenter (~> 0.4.0)

DEPENDENCIES:
  - MobileCenter (~> 0.4.0)
  - RNMobileCenter (~> 0.2.0)

SPEC CHECKSUMS:
  MobileCenter: 06c1c52837bdccbcf2e67adb2727d05efbad69b7
  RNMobileCenter: 08408a13fca8f2e3e66847f01c28f41813286676

PODFILE CHECKSUM: e8a01d407126279056403416e836fb2f97d3c0ca

COCOAPODS: 1.1.1
