PODS:
  - AppCenter/Analytics (1.13.2):
    - AppCenter/Core
  - AppCenter/Core (1.13.2)
  - AppCenter/Crashes (1.13.2):
    - AppCenter/Core
  - AppCenter/Push (1.13.2):
    - AppCenter/Core
  - AppCenterReactNativeShared (1.12.2):
    - AppCenter/Core (= 1.13.2)

DEPENDENCIES:
  - AppCenter/Analytics (~> 1.13.2)
  - AppCenter/Crashes (~> 1.13.2)
  - AppCenter/Push (~> 1.13.2)
  - AppCenterReactNativeShared (from `../../AppCenterReactNativeShared/Products/`)

SPEC REPOS:
  https://github.com/cocoapods/specs.git:
    - AppCenter

EXTERNAL SOURCES:
  AppCenterReactNativeShared:
    :path: "../../AppCenterReactNativeShared/Products/"

SPEC CHECKSUMS:
  AppCenter: bce7fe1098e8e8aeb70aaae1898600534069f549
  AppCenterReactNativeShared: 58c0ea7126d483e6b7baa5d3bf69cdada91f43e7

PODFILE CHECKSUM: 5086a2c08909c5ff13fe72ec06c8b4bf5a64f87b

COCOAPODS: 1.5.3
