// !$*UTF8*$!
{
	archiveVersion = 1;
	classes = {
	};
	objectVersion = 46;
	objects = {

/* Begin PBXAggregateTarget section */
		CB732A521DCBA94900720B25 /* Fat Framework */ = {
			isa = PBXAggregateTarget;
			buildConfigurationList = CB732A531DCBA94900720B25 /* Build configuration list for PBXAggregateTarget "Fat Framework" */;
			buildPhases = (
				CB732A561DCBA95000720B25 /* ShellScript */,
			);
			dependencies = (
			);
			name = "Fat Framework";
			productName = "Fat Framework";
		};
/* End PBXAggregateTarget section */

/* Begin PBXBuildFile section */
		5419C25A1D81FDA300DDF3A1 /* RNMobileCenterShared.h in CopyFiles */ = {isa = PBXBuildFile; fileRef = 5419C2591D81FDA300DDF3A1 /* RNMobileCenterShared.h */; };
		5419C25C1D81FDA300DDF3A1 /* RNMobileCenterShared.m in Sources */ = {isa = PBXBuildFile; fileRef = 5419C25B1D81FDA300DDF3A1 /* RNMobileCenterShared.m */; };
		CB4D6D781DB6DE940080D9D6 /* RNMobileCenterShared.h in Headers */ = {isa = PBXBuildFile; fileRef = 5419C2591D81FDA300DDF3A1 /* RNMobileCenterShared.h */; settings = {ATTRIBUTES = (Public, ); }; };
/* End PBXBuildFile section */

/* Begin PBXCopyFilesBuildPhase section */
		5419C2541D81FDA300DDF3A1 /* CopyFiles */ = {
			isa = PBXCopyFilesBuildPhase;
			buildActionMask = 2147483647;
			dstPath = "include/$(PRODUCT_NAME)";
			dstSubfolderSpec = 16;
			files = (
				5419C25A1D81FDA300DDF3A1 /* RNMobileCenterShared.h in CopyFiles */,
			);
			runOnlyForDeploymentPostprocessing = 0;
		};
/* End PBXCopyFilesBuildPhase section */

/* Begin PBXFileReference section */
		5419C2561D81FDA300DDF3A1 /* libRNMobileCenterShared.a */ = {isa = PBXFileReference; explicitFileType = archive.ar; includeInIndex = 0; path = libRNMobileCenterShared.a; sourceTree = BUILT_PRODUCTS_DIR; };
		5419C2591D81FDA300DDF3A1 /* RNMobileCenterShared.h */ = {isa = PBXFileReference; lastKnownFileType = sourcecode.c.h; path = RNMobileCenterShared.h; sourceTree = "<group>"; };
		5419C25B1D81FDA300DDF3A1 /* RNMobileCenterShared.m */ = {isa = PBXFileReference; lastKnownFileType = sourcecode.c.objc; path = RNMobileCenterShared.m; sourceTree = "<group>"; };
		9C557C671F85A8D0000B229C /* MobileCenter.framework */ = {isa = PBXFileReference; lastKnownFileType = wrapper.framework; path = MobileCenter.framework; sourceTree = "<group>"; };
		BA0D8B051E57C298005C4596 /* Global.xcconfig */ = {isa = PBXFileReference; fileEncoding = 4; lastKnownFileType = text.xcconfig; path = Global.xcconfig; sourceTree = "<group>"; };
/* End PBXFileReference section */

/* Begin PBXFrameworksBuildPhase section */
		5419C2531D81FDA300DDF3A1 /* Frameworks */ = {
			isa = PBXFrameworksBuildPhase;
			buildActionMask = 2147483647;
			files = (
			);
			runOnlyForDeploymentPostprocessing = 0;
		};
/* End PBXFrameworksBuildPhase section */

/* Begin PBXGroup section */
		5419C24D1D81FDA300DDF3A1 = {
			isa = PBXGroup;
			children = (
				5419C2581D81FDA300DDF3A1 /* RNMobileCenterShared */,
				5419C2571D81FDA300DDF3A1 /* Products */,
				9C557C671F85A8D0000B229C /* MobileCenter.framework */,
			);
			sourceTree = "<group>";
		};
		5419C2571D81FDA300DDF3A1 /* Products */ = {
			isa = PBXGroup;
			children = (
				5419C2561D81FDA300DDF3A1 /* libRNMobileCenterShared.a */,
			);
			name = Products;
			sourceTree = "<group>";
		};
		5419C2581D81FDA300DDF3A1 /* RNMobileCenterShared */ = {
			isa = PBXGroup;
			children = (
				5419C2591D81FDA300DDF3A1 /* RNMobileCenterShared.h */,
				5419C25B1D81FDA300DDF3A1 /* RNMobileCenterShared.m */,
				BA5C22071E57BB7000C4C9A5 /* Support */,
			);
			path = RNMobileCenterShared;
			sourceTree = "<group>";
		};
		BA5C22071E57BB7000C4C9A5 /* Support */ = {
			isa = PBXGroup;
			children = (
				BA0D8B051E57C298005C4596 /* Global.xcconfig */,
			);
			name = Support;
			sourceTree = "<group>";
		};
/* End PBXGroup section */

/* Begin PBXHeadersBuildPhase section */
		CB4D6D771DB6DE8B0080D9D6 /* Headers */ = {
			isa = PBXHeadersBuildPhase;
			buildActionMask = 2147483647;
			files = (
				CB4D6D781DB6DE940080D9D6 /* RNMobileCenterShared.h in Headers */,
			);
			runOnlyForDeploymentPostprocessing = 0;
		};
/* End PBXHeadersBuildPhase section */

/* Begin PBXNativeTarget section */
		5419C2551D81FDA300DDF3A1 /* RNMobileCenterShared */ = {
			isa = PBXNativeTarget;
			buildConfigurationList = 5419C25F1D81FDA300DDF3A1 /* Build configuration list for PBXNativeTarget "RNMobileCenterShared" */;
			buildPhases = (
				5419C2521D81FDA300DDF3A1 /* Sources */,
				5419C2531D81FDA300DDF3A1 /* Frameworks */,
				5419C2541D81FDA300DDF3A1 /* CopyFiles */,
				CB4D6D771DB6DE8B0080D9D6 /* Headers */,
				CB732A401DCA6A7500720B25 /* Build Framework */,
			);
			buildRules = (
			);
			dependencies = (
			);
			name = RNMobileCenterShared;
			productName = RNMobileCenterShared;
			productReference = 5419C2561D81FDA300DDF3A1 /* libRNMobileCenterShared.a */;
			productType = "com.apple.product-type.library.static";
		};
/* End PBXNativeTarget section */

/* Begin PBXProject section */
		5419C24E1D81FDA300DDF3A1 /* Project object */ = {
			isa = PBXProject;
			attributes = {
				LastUpgradeCheck = 0900;
				ORGANIZATIONNAME = Microsoft;
				TargetAttributes = {
					5419C2551D81FDA300DDF3A1 = {
						CreatedOnToolsVersion = 7.3.1;
					};
					CB732A521DCBA94900720B25 = {
						CreatedOnToolsVersion = 8.0;
						DevelopmentTeam = UBF8T346G9;
						ProvisioningStyle = Automatic;
					};
				};
			};
			buildConfigurationList = 5419C2511D81FDA300DDF3A1 /* Build configuration list for PBXProject "RNMobileCenterShared" */;
			compatibilityVersion = "Xcode 3.2";
			developmentRegion = English;
			hasScannedForEncodings = 0;
			knownRegions = (
				en,
			);
			mainGroup = 5419C24D1D81FDA300DDF3A1;
			productRefGroup = 5419C2571D81FDA300DDF3A1 /* Products */;
			projectDirPath = "";
			projectRoot = "";
			targets = (
				5419C2551D81FDA300DDF3A1 /* RNMobileCenterShared */,
				CB732A521DCBA94900720B25 /* Fat Framework */,
			);
		};
/* End PBXProject section */

/* Begin PBXShellScriptBuildPhase section */
		CB732A401DCA6A7500720B25 /* Build Framework */ = {
			isa = PBXShellScriptBuildPhase;
			buildActionMask = 2147483647;
			files = (
			);
			inputPaths = (
			);
			name = "Build Framework";
			outputPaths = (
			);
			runOnlyForDeploymentPostprocessing = 0;
			shellPath = /bin/sh;
			shellScript = "set -e\n\nexport FRAMEWORK_LOCN=\"${BUILT_PRODUCTS_DIR}/RNMobileCenterShared.framework\"\n\n# Create the path to the real Headers\nmkdir -p \"${FRAMEWORK_LOCN}/Versions/A/Headers\"\n\n# Create the required symlinks\n/bin/ln -sfh A \"${FRAMEWORK_LOCN}/Versions/Current\"\n/bin/ln -sfh Versions/Current/Headers \"${FRAMEWORK_LOCN}/Headers\"\n/bin/ln -sfh \"Versions/Current/${PRODUCT_NAME}\" \\\n\"${FRAMEWORK_LOCN}/${PRODUCT_NAME}\"\n\n# Copy the public headers into the framework\n/bin/cp -a \"${TARGET_BUILD_DIR}/${PUBLIC_HEADERS_FOLDER_PATH}/\" \\\n\"${FRAMEWORK_LOCN}/Versions/A/Headers\"";
		};
		CB732A561DCBA95000720B25 /* ShellScript */ = {
			isa = PBXShellScriptBuildPhase;
			buildActionMask = 2147483647;
			files = (
			);
			inputPaths = (
			);
			outputPaths = (
			);
			runOnlyForDeploymentPostprocessing = 0;
			shellPath = /bin/sh;
			shellScript = "# Sets the target folders and the final framework product.\nFMK_NAME=RNMobileCenterShared\n\n# Install dir will be the final output to the framework.\n# The following line create it in the root folder of the current project.\nPRODUCTS_DIR=${SRCROOT}/../Products\nZIP_FOLDER=${FMK_NAME}\nTEMP_DIR=${PRODUCTS_DIR}/${ZIP_FOLDER}\nINSTALL_DIR=${TEMP_DIR}/${FMK_NAME}.framework\n\n# Working dir will be deleted after the framework creation.\nWRK_DIR=build\nDEVICE_DIR=${WRK_DIR}/Release-iphoneos\nSIMULATOR_DIR=${WRK_DIR}/Release-iphonesimulator\n\n# Cleaning previous build\nxcodebuild -project \"${FMK_NAME}.xcodeproj\" -configuration \"Release\" -target \"${FMK_NAME}\" clean\n\n# Building both architectures.\nxcodebuild -project \"${FMK_NAME}.xcodeproj\" -configuration \"Release\" -target \"${FMK_NAME}\" -sdk iphoneos\nxcodebuild -project \"${FMK_NAME}.xcodeproj\" -configuration \"Release\" -target \"${FMK_NAME}\" -sdk iphonesimulator\n\n# Cleaning the oldest.\nif [ -d \"${TEMP_DIR}\" ]\nthen\nrm -rf \"${TEMP_DIR}\"\nfi\n\n# Creates and renews the final product folder.\nmkdir -p \"${INSTALL_DIR}\"\nmkdir -p \"${INSTALL_DIR}/Headers\"\nmkdir -p \"${INSTALL_DIR}/Modules\"\n\n# Copy the swift import file\ncp -f \"${SRCROOT}/${FMK_NAME}/Support/module.modulemap\" \"${INSTALL_DIR}/Modules/\"\n\n# Copies the headers and resources files to the final product folder.\ncp -R \"${SRCROOT}/${WRK_DIR}/Release-iphoneos/include/${FMK_NAME}/\" \"${INSTALL_DIR}/Headers/\"\n\n# Uses the Lipo Tool to merge both binary files (i386 + armv6/armv7/armv7s/arm64) into one Universal final product.\nlipo -create \"${DEVICE_DIR}/lib${FMK_NAME}.a\" \"${SIMULATOR_DIR}/lib${FMK_NAME}.a\" -output \"${INSTALL_DIR}/${FMK_NAME}\"\n\nrm -r \"${WRK_DIR}\"";
		};
/* End PBXShellScriptBuildPhase section */

/* Begin PBXSourcesBuildPhase section */
		5419C2521D81FDA300DDF3A1 /* Sources */ = {
			isa = PBXSourcesBuildPhase;
			buildActionMask = 2147483647;
			files = (
				5419C25C1D81FDA300DDF3A1 /* RNMobileCenterShared.m in Sources */,
			);
			runOnlyForDeploymentPostprocessing = 0;
		};
/* End PBXSourcesBuildPhase section */

/* Begin XCBuildConfiguration section */
		5419C25D1D81FDA300DDF3A1 /* Debug */ = {
			isa = XCBuildConfiguration;
			baseConfigurationReference = BA0D8B051E57C298005C4596 /* Global.xcconfig */;
			buildSettings = {
				ALWAYS_SEARCH_USER_PATHS = NO;
				CLANG_ANALYZER_NONNULL = YES;
				CLANG_CXX_LANGUAGE_STANDARD = "gnu++0x";
				CLANG_CXX_LIBRARY = "libc++";
				CLANG_ENABLE_MODULES = YES;
				CLANG_ENABLE_OBJC_ARC = YES;
				CLANG_WARN_BLOCK_CAPTURE_AUTORELEASING = YES;
				CLANG_WARN_BOOL_CONVERSION = YES;
				CLANG_WARN_COMMA = YES;
				CLANG_WARN_CONSTANT_CONVERSION = YES;
				CLANG_WARN_DIRECT_OBJC_ISA_USAGE = YES_ERROR;
				CLANG_WARN_EMPTY_BODY = YES;
				CLANG_WARN_ENUM_CONVERSION = YES;
				CLANG_WARN_INFINITE_RECURSION = YES;
				CLANG_WARN_INT_CONVERSION = YES;
				CLANG_WARN_NON_LITERAL_NULL_CONVERSION = YES;
				CLANG_WARN_OBJC_LITERAL_CONVERSION = YES;
				CLANG_WARN_OBJC_ROOT_CLASS = YES_ERROR;
				CLANG_WARN_RANGE_LOOP_ANALYSIS = YES;
				CLANG_WARN_STRICT_PROTOTYPES = YES;
				CLANG_WARN_SUSPICIOUS_MOVE = YES;
				CLANG_WARN_UNREACHABLE_CODE = YES;
				CLANG_WARN__DUPLICATE_METHOD_MATCH = YES;
				"CODE_SIGN_IDENTITY[sdk=iphoneos*]" = "iPhone Developer";
				COPY_PHASE_STRIP = NO;
				DEBUG_INFORMATION_FORMAT = dwarf;
				ENABLE_STRICT_OBJC_MSGSEND = YES;
				ENABLE_TESTABILITY = YES;
				GCC_C_LANGUAGE_STANDARD = gnu99;
				GCC_DYNAMIC_NO_PIC = NO;
				GCC_NO_COMMON_BLOCKS = YES;
				GCC_OPTIMIZATION_LEVEL = 0;
				GCC_PREPROCESSOR_DEFINITIONS = (
					"DEBUG=1",
					"$(inherited)",
				);
				GCC_WARN_64_TO_32_BIT_CONVERSION = YES;
				GCC_WARN_ABOUT_RETURN_TYPE = YES_ERROR;
				GCC_WARN_UNDECLARED_SELECTOR = YES;
				GCC_WARN_UNINITIALIZED_AUTOS = YES_AGGRESSIVE;
				GCC_WARN_UNUSED_FUNCTION = YES;
				GCC_WARN_UNUSED_VARIABLE = YES;
				IPHONEOS_DEPLOYMENT_TARGET = 9.3;
				MTL_ENABLE_DEBUG_INFO = YES;
				ONLY_ACTIVE_ARCH = YES;
				SDKROOT = iphoneos;
			};
			name = Debug;
		};
		5419C25E1D81FDA300DDF3A1 /* Release */ = {
			isa = XCBuildConfiguration;
			baseConfigurationReference = BA0D8B051E57C298005C4596 /* Global.xcconfig */;
			buildSettings = {
				ALWAYS_SEARCH_USER_PATHS = NO;
				CLANG_ANALYZER_NONNULL = YES;
				CLANG_CXX_LANGUAGE_STANDARD = "gnu++0x";
				CLANG_CXX_LIBRARY = "libc++";
				CLANG_ENABLE_MODULES = YES;
				CLANG_ENABLE_OBJC_ARC = YES;
				CLANG_WARN_BLOCK_CAPTURE_AUTORELEASING = YES;
				CLANG_WARN_BOOL_CONVERSION = YES;
				CLANG_WARN_COMMA = YES;
				CLANG_WARN_CONSTANT_CONVERSION = YES;
				CLANG_WARN_DIRECT_OBJC_ISA_USAGE = YES_ERROR;
				CLANG_WARN_EMPTY_BODY = YES;
				CLANG_WARN_ENUM_CONVERSION = YES;
				CLANG_WARN_INFINITE_RECURSION = YES;
				CLANG_WARN_INT_CONVERSION = YES;
				CLANG_WARN_NON_LITERAL_NULL_CONVERSION = YES;
				CLANG_WARN_OBJC_LITERAL_CONVERSION = YES;
				CLANG_WARN_OBJC_ROOT_CLASS = YES_ERROR;
				CLANG_WARN_RANGE_LOOP_ANALYSIS = YES;
				CLANG_WARN_STRICT_PROTOTYPES = YES;
				CLANG_WARN_SUSPICIOUS_MOVE = YES;
				CLANG_WARN_UNREACHABLE_CODE = YES;
				CLANG_WARN__DUPLICATE_METHOD_MATCH = YES;
				"CODE_SIGN_IDENTITY[sdk=iphoneos*]" = "iPhone Developer";
				COPY_PHASE_STRIP = NO;
				DEBUG_INFORMATION_FORMAT = "dwarf-with-dsym";
				ENABLE_NS_ASSERTIONS = NO;
				ENABLE_STRICT_OBJC_MSGSEND = YES;
				GCC_C_LANGUAGE_STANDARD = gnu99;
				GCC_NO_COMMON_BLOCKS = YES;
				GCC_WARN_64_TO_32_BIT_CONVERSION = YES;
				GCC_WARN_ABOUT_RETURN_TYPE = YES_ERROR;
				GCC_WARN_UNDECLARED_SELECTOR = YES;
				GCC_WARN_UNINITIALIZED_AUTOS = YES_AGGRESSIVE;
				GCC_WARN_UNUSED_FUNCTION = YES;
				GCC_WARN_UNUSED_VARIABLE = YES;
				IPHONEOS_DEPLOYMENT_TARGET = 9.3;
				MTL_ENABLE_DEBUG_INFO = NO;
				SDKROOT = iphoneos;
				VALIDATE_PRODUCT = YES;
			};
			name = Release;
		};
		5419C2601D81FDA300DDF3A1 /* Debug */ = {
			isa = XCBuildConfiguration;
			buildSettings = {
				"ARCHS[sdk=iphonesimulator*]" = (
					x86_64,
					i386,
				);
				FRAMEWORK_SEARCH_PATHS = "$(PROJECT_DIR)";
				HEADER_SEARCH_PATHS = "";
				IPHONEOS_DEPLOYMENT_TARGET = 8.0;
				ONLY_ACTIVE_ARCH = YES;
				OTHER_LDFLAGS = "-ObjC";
				PRODUCT_NAME = RNMobileCenterShared;
				SKIP_INSTALL = YES;
				"VALID_ARCHS[sdk=iphonesimulator*]" = "x86_64 i386";
			};
			name = Debug;
		};
		5419C2611D81FDA300DDF3A1 /* Release */ = {
			isa = XCBuildConfiguration;
			buildSettings = {
				"ARCHS[sdk=iphonesimulator*]" = (
					i386,
					x86_64,
				);
				FRAMEWORK_SEARCH_PATHS = "$(PROJECT_DIR)";
				HEADER_SEARCH_PATHS = "";
				IPHONEOS_DEPLOYMENT_TARGET = 8.0;
				ONLY_ACTIVE_ARCH = NO;
				OTHER_LDFLAGS = "-ObjC";
				PRODUCT_NAME = RNMobileCenterShared;
				SKIP_INSTALL = YES;
				"VALID_ARCHS[sdk=iphonesimulator*]" = "x86_64 i386";
			};
			name = Release;
		};
		CB732A541DCBA94900720B25 /* Debug */ = {
			isa = XCBuildConfiguration;
			buildSettings = {
				DEVELOPMENT_TEAM = UBF8T346G9;
				IPHONEOS_DEPLOYMENT_TARGET = 8.0;
				PRODUCT_NAME = "$(TARGET_NAME)";
			};
			name = Debug;
		};
		CB732A551DCBA94900720B25 /* Release */ = {
			isa = XCBuildConfiguration;
			buildSettings = {
				DEVELOPMENT_TEAM = UBF8T346G9;
				IPHONEOS_DEPLOYMENT_TARGET = 8.0;
				PRODUCT_NAME = "$(TARGET_NAME)";
			};
			name = Release;
		};
/* End XCBuildConfiguration section */

/* Begin XCConfigurationList section */
		5419C2511D81FDA300DDF3A1 /* Build configuration list for PBXProject "RNMobileCenterShared" */ = {
			isa = XCConfigurationList;
			buildConfigurations = (
				5419C25D1D81FDA300DDF3A1 /* Debug */,
				5419C25E1D81FDA300DDF3A1 /* Release */,
			);
			defaultConfigurationIsVisible = 0;
			defaultConfigurationName = Release;
		};
		5419C25F1D81FDA300DDF3A1 /* Build configuration list for PBXNativeTarget "RNMobileCenterShared" */ = {
			isa = XCConfigurationList;
			buildConfigurations = (
				5419C2601D81FDA300DDF3A1 /* Debug */,
				5419C2611D81FDA300DDF3A1 /* Release */,
			);
			defaultConfigurationIsVisible = 0;
			defaultConfigurationName = Release;
		};
		CB732A531DCBA94900720B25 /* Build configuration list for PBXAggregateTarget "Fat Framework" */ = {
			isa = XCConfigurationList;
			buildConfigurations = (
				CB732A541DCBA94900720B25 /* Debug */,
				CB732A551DCBA94900720B25 /* Release */,
			);
			defaultConfigurationIsVisible = 0;
			defaultConfigurationName = Release;
		};
/* End XCConfigurationList section */
	};
	rootObject = 5419C24E1D81FDA300DDF3A1 /* Project object */;
}
