PODS:
  - AppCenter (4.1.0):
    - AppCenter/Analytics (= 4.1.0)
    - AppCenter/Crashes (= 4.1.0)
  - AppCenter/Analytics (4.1.0):
    - AppCenter/Core
  - AppCenter/Core (4.1.0)
  - AppCenter/Crashes (4.1.0):
    - AppCenter/Core

DEPENDENCIES:
  - AppCenter (= 4.1.0)

SPEC REPOS:
  trunk:
    - AppCenter

SPEC CHECKSUMS:
  AppCenter: dce7fb861ef543cb6710ed455e1587e7914aebb2

PODFILE CHECKSUM: 7294e160258dc0fa4dfe45a934029f7a2c9d9bfe

COCOAPODS: 1.10.0
