PODS:
  - AppCenter (2.5.2):
    - AppCenter/Analytics (= 2.5.2)
    - AppCenter/Crashes (= 2.5.2)
  - AppCenter/Analytics (2.5.2):
    - AppCenter/Core
  - AppCenter/Core (2.5.2)
  - AppCenter/Crashes (2.5.2):
    - AppCenter/Core

DEPENDENCIES:
  - AppCenter (~> 2.5.2)

SPEC REPOS:
  trunk:
    - AppCenter

SPEC CHECKSUMS:
  AppCenter: 189bd0c312eb7ce6812d72f191dce6f480f182d5

PODFILE CHECKSUM: b9907bd66e5e7ac479c6339acbd03c7925e51051

COCOAPODS: 1.8.4
