// !$*UTF8*$!
{
	archiveVersion = 1;
	classes = {
	};
	objectVersion = 46;
	objects = {

/* Begin PBXBuildFile section */
		5419C25A1D81FDA300DDF3A1 /* RNSonomaHub.h in CopyFiles */ = {isa = PBXBuildFile; fileRef = 5419C2591D81FDA300DDF3A1 /* RNSonomaHub.h */; };
		5419C25C1D81FDA300DDF3A1 /* RNSonomaHub.m in Sources */ = {isa = PBXBuildFile; fileRef = 5419C25B1D81FDA300DDF3A1 /* RNSonomaHub.m */; };
		5419C27D1D824EBA00DDF3A1 /* RCTConvert+AVALogLevel.m in Sources */ = {isa = PBXBuildFile; fileRef = 5419C27C1D824EBA00DDF3A1 /* RCTConvert+AVALogLevel.m */; };
/* End PBXBuildFile section */

/* Begin PBXCopyFilesBuildPhase section */
		5419C2541D81FDA300DDF3A1 /* CopyFiles */ = {
			isa = PBXCopyFilesBuildPhase;
			buildActionMask = 2147483647;
			dstPath = "include/$(PRODUCT_NAME)";
			dstSubfolderSpec = 16;
			files = (
				5419C25A1D81FDA300DDF3A1 /* RNSonomaHub.h in CopyFiles */,
			);
			runOnlyForDeploymentPostprocessing = 0;
		};
/* End PBXCopyFilesBuildPhase section */

/* Begin PBXFileReference section */
		5419C2561D81FDA300DDF3A1 /* libRNSonomaHub.a */ = {isa = PBXFileReference; explicitFileType = archive.ar; includeInIndex = 0; path = libRNSonomaHub.a; sourceTree = BUILT_PRODUCTS_DIR; };
		5419C2591D81FDA300DDF3A1 /* RNSonomaHub.h */ = {isa = PBXFileReference; lastKnownFileType = sourcecode.c.h; path = RNSonomaHub.h; sourceTree = "<group>"; };
		5419C25B1D81FDA300DDF3A1 /* RNSonomaHub.m */ = {isa = PBXFileReference; lastKnownFileType = sourcecode.c.objc; path = RNSonomaHub.m; sourceTree = "<group>"; };
		5419C27C1D824EBA00DDF3A1 /* RCTConvert+AVALogLevel.m */ = {isa = PBXFileReference; fileEncoding = 4; lastKnownFileType = sourcecode.c.objc; path = "RCTConvert+AVALogLevel.m"; sourceTree = "<group>"; };
/* End PBXFileReference section */

/* Begin PBXFrameworksBuildPhase section */
		5419C2531D81FDA300DDF3A1 /* Frameworks */ = {
			isa = PBXFrameworksBuildPhase;
			buildActionMask = 2147483647;
			files = (
			);
			runOnlyForDeploymentPostprocessing = 0;
		};
/* End PBXFrameworksBuildPhase section */

/* Begin PBXGroup section */
		5419C24D1D81FDA300DDF3A1 = {
			isa = PBXGroup;
			children = (
				5419C2581D81FDA300DDF3A1 /* RNSonomaHub */,
				5419C2571D81FDA300DDF3A1 /* Products */,
			);
			sourceTree = "<group>";
		};
		5419C2571D81FDA300DDF3A1 /* Products */ = {
			isa = PBXGroup;
			children = (
				5419C2561D81FDA300DDF3A1 /* libRNSonomaHub.a */,
			);
			name = Products;
			sourceTree = "<group>";
		};
		5419C2581D81FDA300DDF3A1 /* RNSonomaHub */ = {
			isa = PBXGroup;
			children = (
				5419C2591D81FDA300DDF3A1 /* RNSonomaHub.h */,
				5419C25B1D81FDA300DDF3A1 /* RNSonomaHub.m */,
				5419C27C1D824EBA00DDF3A1 /* RCTConvert+AVALogLevel.m */,
			);
			path = RNSonomaHub;
			sourceTree = "<group>";
		};
/* End PBXGroup section */

/* Begin PBXNativeTarget section */
		5419C2551D81FDA300DDF3A1 /* RNSonomaHub */ = {
			isa = PBXNativeTarget;
			buildConfigurationList = 5419C25F1D81FDA300DDF3A1 /* Build configuration list for PBXNativeTarget "RNSonomaHub" */;
			buildPhases = (
				5419C2521D81FDA300DDF3A1 /* Sources */,
				5419C2531D81FDA300DDF3A1 /* Frameworks */,
				5419C2541D81FDA300DDF3A1 /* CopyFiles */,
			);
			buildRules = (
			);
			dependencies = (
			);
			name = RNSonomaHub;
			productName = RNSonomaHub;
			productReference = 5419C2561D81FDA300DDF3A1 /* libRNSonomaHub.a */;
			productType = "com.apple.product-type.library.static";
		};
/* End PBXNativeTarget section */

/* Begin PBXProject section */
		5419C24E1D81FDA300DDF3A1 /* Project object */ = {
			isa = PBXProject;
			attributes = {
				LastUpgradeCheck = 0730;
				ORGANIZATIONNAME = Microsoft;
				TargetAttributes = {
					5419C2551D81FDA300DDF3A1 = {
						CreatedOnToolsVersion = 7.3.1;
					};
				};
			};
			buildConfigurationList = 5419C2511D81FDA300DDF3A1 /* Build configuration list for PBXProject "RNSonomaHub" */;
			compatibilityVersion = "Xcode 3.2";
			developmentRegion = English;
			hasScannedForEncodings = 0;
			knownRegions = (
				en,
			);
			mainGroup = 5419C24D1D81FDA300DDF3A1;
			productRefGroup = 5419C2571D81FDA300DDF3A1 /* Products */;
			projectDirPath = "";
			projectRoot = "";
			targets = (
				5419C2551D81FDA300DDF3A1 /* RNSonomaHub */,
			);
		};
/* End PBXProject section */

/* Begin PBXSourcesBuildPhase section */
		5419C2521D81FDA300DDF3A1 /* Sources */ = {
			isa = PBXSourcesBuildPhase;
			buildActionMask = 2147483647;
			files = (
				5419C27D1D824EBA00DDF3A1 /* RCTConvert+AVALogLevel.m in Sources */,
				5419C25C1D81FDA300DDF3A1 /* RNSonomaHub.m in Sources */,
			);
			runOnlyForDeploymentPostprocessing = 0;
		};
/* End PBXSourcesBuildPhase section */

/* Begin XCBuildConfiguration section */
		5419C25D1D81FDA300DDF3A1 /* Debug */ = {
			isa = XCBuildConfiguration;
			buildSettings = {
				ALWAYS_SEARCH_USER_PATHS = NO;
				CLANG_ANALYZER_NONNULL = YES;
				CLANG_CXX_LANGUAGE_STANDARD = "gnu++0x";
				CLANG_CXX_LIBRARY = "libc++";
				CLANG_ENABLE_MODULES = YES;
				CLANG_ENABLE_OBJC_ARC = YES;
				CLANG_WARN_BOOL_CONVERSION = YES;
				CLANG_WARN_CONSTANT_CONVERSION = YES;
				CLANG_WARN_DIRECT_OBJC_ISA_USAGE = YES_ERROR;
				CLANG_WARN_EMPTY_BODY = YES;
				CLANG_WARN_ENUM_CONVERSION = YES;
				CLANG_WARN_INT_CONVERSION = YES;
				CLANG_WARN_OBJC_ROOT_CLASS = YES_ERROR;
				CLANG_WARN_UNREACHABLE_CODE = YES;
				CLANG_WARN__DUPLICATE_METHOD_MATCH = YES;
				"CODE_SIGN_IDENTITY[sdk=iphoneos*]" = "iPhone Developer";
				COPY_PHASE_STRIP = NO;
				DEBUG_INFORMATION_FORMAT = dwarf;
				ENABLE_STRICT_OBJC_MSGSEND = YES;
				ENABLE_TESTABILITY = YES;
				GCC_C_LANGUAGE_STANDARD = gnu99;
				GCC_DYNAMIC_NO_PIC = NO;
				GCC_NO_COMMON_BLOCKS = YES;
				GCC_OPTIMIZATION_LEVEL = 0;
				GCC_PREPROCESSOR_DEFINITIONS = (
					"DEBUG=1",
					"$(inherited)",
				);
				GCC_WARN_64_TO_32_BIT_CONVERSION = YES;
				GCC_WARN_ABOUT_RETURN_TYPE = YES_ERROR;
				GCC_WARN_UNDECLARED_SELECTOR = YES;
				GCC_WARN_UNINITIALIZED_AUTOS = YES_AGGRESSIVE;
				GCC_WARN_UNUSED_FUNCTION = YES;
				GCC_WARN_UNUSED_VARIABLE = YES;
				IPHONEOS_DEPLOYMENT_TARGET = 9.3;
				MTL_ENABLE_DEBUG_INFO = YES;
				ONLY_ACTIVE_ARCH = YES;
				SDKROOT = iphoneos;
			};
			name = Debug;
		};
		5419C25E1D81FDA300DDF3A1 /* Release */ = {
			isa = XCBuildConfiguration;
			buildSettings = {
				ALWAYS_SEARCH_USER_PATHS = NO;
				CLANG_ANALYZER_NONNULL = YES;
				CLANG_CXX_LANGUAGE_STANDARD = "gnu++0x";
				CLANG_CXX_LIBRARY = "libc++";
				CLANG_ENABLE_MODULES = YES;
				CLANG_ENABLE_OBJC_ARC = YES;
				CLANG_WARN_BOOL_CONVERSION = YES;
				CLANG_WARN_CONSTANT_CONVERSION = YES;
				CLANG_WARN_DIRECT_OBJC_ISA_USAGE = YES_ERROR;
				CLANG_WARN_EMPTY_BODY = YES;
				CLANG_WARN_ENUM_CONVERSION = YES;
				CLANG_WARN_INT_CONVERSION = YES;
				CLANG_WARN_OBJC_ROOT_CLASS = YES_ERROR;
				CLANG_WARN_UNREACHABLE_CODE = YES;
				CLANG_WARN__DUPLICATE_METHOD_MATCH = YES;
				"CODE_SIGN_IDENTITY[sdk=iphoneos*]" = "iPhone Developer";
				COPY_PHASE_STRIP = NO;
				DEBUG_INFORMATION_FORMAT = "dwarf-with-dsym";
				ENABLE_NS_ASSERTIONS = NO;
				ENABLE_STRICT_OBJC_MSGSEND = YES;
				GCC_C_LANGUAGE_STANDARD = gnu99;
				GCC_NO_COMMON_BLOCKS = YES;
				GCC_WARN_64_TO_32_BIT_CONVERSION = YES;
				GCC_WARN_ABOUT_RETURN_TYPE = YES_ERROR;
				GCC_WARN_UNDECLARED_SELECTOR = YES;
				GCC_WARN_UNINITIALIZED_AUTOS = YES_AGGRESSIVE;
				GCC_WARN_UNUSED_FUNCTION = YES;
				GCC_WARN_UNUSED_VARIABLE = YES;
				IPHONEOS_DEPLOYMENT_TARGET = 9.3;
				MTL_ENABLE_DEBUG_INFO = NO;
				SDKROOT = iphoneos;
				VALIDATE_PRODUCT = YES;
			};
			name = Release;
		};
		5419C2601D81FDA300DDF3A1 /* Debug */ = {
			isa = XCBuildConfiguration;
			buildSettings = {
				FRAMEWORK_SEARCH_PATHS = "$(SRCROOT)/../../AvalancheSDK-iOS/Products/AvalancheHub";
				HEADER_SEARCH_PATHS = "$(SRCROOT)/../../SonomaDemoApp/node_modules/react-native/React/**";
				OTHER_LDFLAGS = "-ObjC";
				PRODUCT_NAME = "$(TARGET_NAME)";
				SKIP_INSTALL = YES;
			};
			name = Debug;
		};
		5419C2611D81FDA300DDF3A1 /* Release */ = {
			isa = XCBuildConfiguration;
			buildSettings = {
				FRAMEWORK_SEARCH_PATHS = "$(SRCROOT)/../../AvalancheSDK-iOS/Products/AvalancheHub";
				HEADER_SEARCH_PATHS = "$(SRCROOT)/../../SonomaDemoApp/node_modules/react-native/React/**";
				OTHER_LDFLAGS = "-ObjC";
				PRODUCT_NAME = "$(TARGET_NAME)";
				SKIP_INSTALL = YES;
			};
			name = Release;
		};
/* End XCBuildConfiguration section */

/* Begin XCConfigurationList section */
		5419C2511D81FDA300DDF3A1 /* Build configuration list for PBXProject "RNSonomaHub" */ = {
			isa = XCConfigurationList;
			buildConfigurations = (
				5419C25D1D81FDA300DDF3A1 /* Debug */,
				5419C25E1D81FDA300DDF3A1 /* Release */,
			);
			defaultConfigurationIsVisible = 0;
			defaultConfigurationName = Release;
		};
		5419C25F1D81FDA300DDF3A1 /* Build configuration list for PBXNativeTarget "RNSonomaHub" */ = {
			isa = XCConfigurationList;
			buildConfigurations = (
				5419C2601D81FDA300DDF3A1 /* Debug */,
				5419C2611D81FDA300DDF3A1 /* Release */,
			);
			defaultConfigurationIsVisible = 0;
			defaultConfigurationName = Release;
		};
/* End XCConfigurationList section */
	};
	rootObject = 5419C24E1D81FDA300DDF3A1 /* Project object */;
}
