PODS:
  - AppCenter/Analytics (1.13.2):
    - AppCenter/Core
  - AppCenter/Core (1.13.2)
  - AppCenter/Crashes (1.13.2):
    - AppCenter/Core
  - AppCenter/Push (1.13.2):
    - AppCenter/Core
  - AppCenterReactNativeShared (1.12.2):
    - AppCenter/Core (= 1.13.2)

DEPENDENCIES:
  - AppCenter/Analytics (~> 1.13.2)
  - AppCenter/Crashes (~> 1.13.2)
  - AppCenter/Push (~> 1.13.2)
  - AppCenterReactNativeShared (~> 1.12.2)

SPEC REPOS:
  https://github.com/cocoapods/specs.git:
    - AppCenter
  https://msmobilecenter.visualstudio.com/SDK/_git/AppCenterSDK-Specs-Private:
    - AppCenterReactNativeShared

SPEC CHECKSUMS:
  AppCenter: bce7fe1098e8e8aeb70aaae1898600534069f549
  AppCenterReactNativeShared: 3156e587bb7c37e2e12a02616ac677142d327f69

PODFILE CHECKSUM: ad8624cc8d6d66c08193f6dd14ae68f94a8ec89b

COCOAPODS: 1.5.3
