PODS:
  - AppCenter/Analytics (2.5.3):
    - AppCenter/Core
  - AppCenter/Auth (2.5.3):
    - AppCenter/Core
  - AppCenter/Core (2.5.3)
  - AppCenter/Crashes (2.5.3):
    - AppCenter/Core
  - AppCenter/Data (2.5.3):
    - AppCenter/Core
  - AppCenter/Push (2.5.3):
    - AppCenter/Core
  - AppCenterReactNativeShared (2.6.1):
    - AppCenter/Core (= 2.5.3)

DEPENDENCIES:
  - AppCenter/Analytics (~> 2.5.3)
  - AppCenter/Auth (~> 2.5.3)
  - AppCenter/Crashes (~> 2.5.3)
  - AppCenter/Data (~> 2.5.3)
  - AppCenter/Push (~> 2.5.3)
  - AppCenterReactNativeShared (~> 2.6.1)

SPEC REPOS:
  https://github.com/CocoaPods/Specs.git:
    - AppCenter
  https://msmobilecenter.visualstudio.com/SDK/_git/AppCenterSDK-Specs-Private:
    - AppCenterReactNativeShared

SPEC CHECKSUMS:
  AppCenter: 765ff38c4d360fc5ec61b61a8be24d74cd6d4d83
  AppCenterReactNativeShared: 23498c5c5992c040e756f89029fa7ff4d6ae506c

PODFILE CHECKSUM: 47dc5f2fb534de513176819310f84a4a7c93b801

COCOAPODS: 1.8.4
